// !$*UTF8*$!
{
	archiveVersion = 1;
	classes = {
	};
	objectVersion = 48;
	objects = {

/* Begin PBXBuildFile section */
		8E31673C221FF24B006661BA /* main.cpp in Sources */ = {isa = PBXBuildFile; fileRef = 8E31673B221FF24A006661BA /* main.cpp */; };
		8E43C1A52220EE460076A1E5 /* LinkTest.cpp in Sources */ = {isa = PBXBuildFile; fileRef = 8E43C1A32220EE450076A1E5 /* LinkTest.cpp */; };
		8E43C1A822212B0E0076A1E5 /* combineList.cpp in Sources */ = {isa = PBXBuildFile; fileRef = 8E43C1A622212B0E0076A1E5 /* combineList.cpp */; };
		CF1C380D221CFDB900F9DCFD /* SetTest.cpp in Sources */ = {isa = PBXBuildFile; fileRef = CF1C380B221CFDB900F9DCFD /* SetTest.cpp */; };
		CF206E5E21FBEEEA006AB203 /* cccc.c in Sources */ = {isa = PBXBuildFile; fileRef = CF206E5D21FBEEEA006AB203 /* cccc.c */; };
		CF206E6121FBF6DC006AB203 /* Cube.cpp in Sources */ = {isa = PBXBuildFile; fileRef = CF206E5F21FBF6DC006AB203 /* Cube.cpp */; };
		CF20ECB122166A3200ED08E2 /* main.cpp in Sources */ = {isa = PBXBuildFile; fileRef = CF20ECB022166A3200ED08E2 /* main.cpp */; };
		CF20ECB722166A3E00ED08E2 /* Person.cpp in Sources */ = {isa = PBXBuildFile; fileRef = CF20ECB522166A3E00ED08E2 /* Person.cpp */; };
		CF20ECBF2216773E00ED08E2 /* main.cpp in Sources */ = {isa = PBXBuildFile; fileRef = CF20ECBE2216773E00ED08E2 /* main.cpp */; };
		CF20ECC52216775600ED08E2 /* Animal.cpp in Sources */ = {isa = PBXBuildFile; fileRef = CF20ECC32216775600ED08E2 /* Animal.cpp */; };
		CF20ECCD221694B400ED08E2 /* main.cpp in Sources */ = {isa = PBXBuildFile; fileRef = CF20ECCC221694B400ED08E2 /* main.cpp */; };
		CF20ECD7221695DC00ED08E2 /* Knife.cpp in Sources */ = {isa = PBXBuildFile; fileRef = CF20ECD5221695DC00ED08E2 /* Knife.cpp */; };
		CF20ECDA2216971A00ED08E2 /* DragonSword.cpp in Sources */ = {isa = PBXBuildFile; fileRef = CF20ECD82216971A00ED08E2 /* DragonSword.cpp */; };
		CF2471F7221B9CE60015D4B0 /* main.cpp in Sources */ = {isa = PBXBuildFile; fileRef = CF2471F6221B9CE60015D4B0 /* main.cpp */; };
		CF2471FE221BA0E10015D4B0 /* StringTest.cpp in Sources */ = {isa = PBXBuildFile; fileRef = CF2471FC221BA0E10015D4B0 /* StringTest.cpp */; };
		CF247202221BAF1B0015D4B0 /* VectorTest.cpp in Sources */ = {isa = PBXBuildFile; fileRef = CF247200221BAF1B0015D4B0 /* VectorTest.cpp */; };
		CF247206221BD5CB0015D4B0 /* DequeTest.cpp in Sources */ = {isa = PBXBuildFile; fileRef = CF247204221BD5CB0015D4B0 /* DequeTest.cpp */; };
		CF24720A221BDAB70015D4B0 /* example.cpp in Sources */ = {isa = PBXBuildFile; fileRef = CF247208221BDAB70015D4B0 /* example.cpp */; };
		CF24720E221BE2410015D4B0 /* StackTest.cpp in Sources */ = {isa = PBXBuildFile; fileRef = CF24720C221BE2410015D4B0 /* StackTest.cpp */; };
		CF247212221BE6F50015D4B0 /* QueueTest.cpp in Sources */ = {isa = PBXBuildFile; fileRef = CF247210221BE6F50015D4B0 /* QueueTest.cpp */; };
		CF247216221BE87C0015D4B0 /* ListTest.cpp in Sources */ = {isa = PBXBuildFile; fileRef = CF247214221BE87C0015D4B0 /* ListTest.cpp */; };
		CF56170221FEF259009C3BB5 /* CustomArr.cpp in Sources */ = {isa = PBXBuildFile; fileRef = CF56170021FEF259009C3BB5 /* CustomArr.cpp */; };
		CF60FF9A21FFE71E003387F7 /* CustomCa.cpp in Sources */ = {isa = PBXBuildFile; fileRef = CF60FF9821FFE71E003387F7 /* CustomCa.cpp */; };
		CF60FFA222002920003387F7 /* main.mm in Sources */ = {isa = PBXBuildFile; fileRef = CF60FFA122002920003387F7 /* main.mm */; };
		CF60FFA922002958003387F7 /* MyString.cpp in Sources */ = {isa = PBXBuildFile; fileRef = CF60FFA722002958003387F7 /* MyString.cpp */; };
		CF60FFB122004757003387F7 /* main.cpp in Sources */ = {isa = PBXBuildFile; fileRef = CF60FFB022004757003387F7 /* main.cpp */; };
		CF60FFB722004B8A003387F7 /* InheritClass.cpp in Sources */ = {isa = PBXBuildFile; fileRef = CF60FFB522004B8A003387F7 /* InheritClass.cpp */; };
		CF67FBE7221E361800C6B9EF /* worker.cpp in Sources */ = {isa = PBXBuildFile; fileRef = CF67FBE5221E361800C6B9EF /* worker.cpp */; };
		CF67FBEF221E42F100C6B9EF /* main.cpp in Sources */ = {isa = PBXBuildFile; fileRef = CF67FBEE221E42F100C6B9EF /* main.cpp */; };
		CF67FBFA221E499100C6B9EF /* main.cpp in Sources */ = {isa = PBXBuildFile; fileRef = CF67FBF9221E499100C6B9EF /* main.cpp */; };
		CF67FC05221E506600C6B9EF /* main.cpp in Sources */ = {isa = PBXBuildFile; fileRef = CF67FC04221E506600C6B9EF /* main.cpp */; };
		CF82926B221E78A1003A64BC /* main.cpp in Sources */ = {isa = PBXBuildFile; fileRef = CF82926A221E78A1003A64BC /* main.cpp */; };
		CF829272221E796F003A64BC /* Contestanter.cpp in Sources */ = {isa = PBXBuildFile; fileRef = CF829270221E796F003A64BC /* Contestanter.cpp */; };
		CF82927A221EA9AA003A64BC /* main.cpp in Sources */ = {isa = PBXBuildFile; fileRef = CF829279221EA9AA003A64BC /* main.cpp */; };
		CF829280221EA9BF003A64BC /* OpenGL.framework in Frameworks */ = {isa = PBXBuildFile; fileRef = CF82927F221EA9BF003A64BC /* OpenGL.framework */; };
		CF829282221EA9C7003A64BC /* GLUT.framework in Frameworks */ = {isa = PBXBuildFile; fileRef = CF829281221EA9C7003A64BC /* GLUT.framework */; };
		CF829284221EA9CF003A64BC /* Foundation.framework in Frameworks */ = {isa = PBXBuildFile; fileRef = CF829283221EA9CF003A64BC /* Foundation.framework */; };
		CF84190E21FAA71E009DC036 /* game1.cpp in Sources */ = {isa = PBXBuildFile; fileRef = CF84190C21FAA71E009DC036 /* game1.cpp */; };
		CF84191121FAA730009DC036 /* game2.cpp in Sources */ = {isa = PBXBuildFile; fileRef = CF84190F21FAA730009DC036 /* game2.cpp */; };
		CF84191521FAE46D009DC036 /* yinyong.cpp in Sources */ = {isa = PBXBuildFile; fileRef = CF84191321FAE46D009DC036 /* yinyong.cpp */; };
		CF84191921FAFB7E009DC036 /* Circle.cpp in Sources */ = {isa = PBXBuildFile; fileRef = CF84191721FAFB7E009DC036 /* Circle.cpp */; };
		CFC231D7220171F700C96D90 /* main.cpp in Sources */ = {isa = PBXBuildFile; fileRef = CFC231D6220171F700C96D90 /* main.cpp */; };
		CFC231DD22017E1A00C96D90 /* Calculator.cpp in Sources */ = {isa = PBXBuildFile; fileRef = CFC231DB22017E1A00C96D90 /* Calculator.cpp */; };
		CFC29FC32216A3A8003AA3FA /* Weapon.cpp in Sources */ = {isa = PBXBuildFile; fileRef = CFC29FC22216A3A8003AA3FA /* Weapon.cpp */; };
		CFC29FCD2216A507003AA3FA /* Hero.cpp in Sources */ = {isa = PBXBuildFile; fileRef = CFC29FCB2216A507003AA3FA /* Hero.cpp */; };
		CFC29FD12216A5AD003AA3FA /* Monster.cpp in Sources */ = {isa = PBXBuildFile; fileRef = CFC29FD02216A5AD003AA3FA /* Monster.cpp */; };
		CFC29FD92216BC0C003AA3FA /* main.cpp in Sources */ = {isa = PBXBuildFile; fileRef = CFC29FD82216BC0C003AA3FA /* main.cpp */; };
		CFC3EA78214DEBA900B71B9B /* main.cpp in Sources */ = {isa = PBXBuildFile; fileRef = CFC3EA77214DEBA900B71B9B /* main.cpp */; };
		CFEB6EE7221A40FE00872974 /* sort.cpp in Sources */ = {isa = PBXBuildFile; fileRef = CFEB6EE5221A40FE00872974 /* sort.cpp */; };
		CFEB6EEB221A4F3100872974 /* function11.cpp in Sources */ = {isa = PBXBuildFile; fileRef = CFEB6EE9221A4F3100872974 /* function11.cpp */; };
		CFEB6EEF221A5B6200872974 /* ClassTemplate.cpp in Sources */ = {isa = PBXBuildFile; fileRef = CFEB6EED221A5B6200872974 /* ClassTemplate.cpp */; };
		CFEB6EF3221A876B00872974 /* Muban.cpp in Sources */ = {isa = PBXBuildFile; fileRef = CFEB6EF1221A876B00872974 /* Muban.cpp */; };
		CFEB6EF7221A94BC00872974 /* CustomArr1.cpp in Sources */ = {isa = PBXBuildFile; fileRef = CFEB6EF5221A94BC00872974 /* CustomArr1.cpp */; };
		CFEB6EFF221AAB3800872974 /* main.cpp in Sources */ = {isa = PBXBuildFile; fileRef = CFEB6EFE221AAB3700872974 /* main.cpp */; };
		CFEEB70321FC117D006D190F /* Classss.cpp in Sources */ = {isa = PBXBuildFile; fileRef = CFEEB70121FC117D006D190F /* Classss.cpp */; };
		CFEEB70721FC33C3006D190F /* Printer.cpp in Sources */ = {isa = PBXBuildFile; fileRef = CFEEB70521FC33C3006D190F /* Printer.cpp */; };
		CFEEB70B21FC4EC3006D190F /* FriendTest.cpp in Sources */ = {isa = PBXBuildFile; fileRef = CFEEB70921FC4EC3006D190F /* FriendTest.cpp */; };
/* End PBXBuildFile section */

/* Begin PBXCopyFilesBuildPhase section */
		8E316731221FF22D006661BA /* CopyFiles */ = {
			isa = PBXCopyFilesBuildPhase;
			buildActionMask = 2147483647;
			dstPath = /usr/share/man/man1/;
			dstSubfolderSpec = 0;
			files = (
			);
			runOnlyForDeploymentPostprocessing = 1;
		};
		CF20ECAC22166A3200ED08E2 /* CopyFiles */ = {
			isa = PBXCopyFilesBuildPhase;
			buildActionMask = 2147483647;
			dstPath = /usr/share/man/man1/;
			dstSubfolderSpec = 0;
			files = (
			);
			runOnlyForDeploymentPostprocessing = 1;
		};
		CF20ECBA2216773E00ED08E2 /* CopyFiles */ = {
			isa = PBXCopyFilesBuildPhase;
			buildActionMask = 2147483647;
			dstPath = /usr/share/man/man1/;
			dstSubfolderSpec = 0;
			files = (
			);
			runOnlyForDeploymentPostprocessing = 1;
		};
		CF20ECC8221694B400ED08E2 /* CopyFiles */ = {
			isa = PBXCopyFilesBuildPhase;
			buildActionMask = 2147483647;
			dstPath = /usr/share/man/man1/;
			dstSubfolderSpec = 0;
			files = (
			);
			runOnlyForDeploymentPostprocessing = 1;
		};
		CF2471F2221B9CE60015D4B0 /* CopyFiles */ = {
			isa = PBXCopyFilesBuildPhase;
			buildActionMask = 2147483647;
			dstPath = /usr/share/man/man1/;
			dstSubfolderSpec = 0;
			files = (
			);
			runOnlyForDeploymentPostprocessing = 1;
		};
		CF60FF9D2200291F003387F7 /* CopyFiles */ = {
			isa = PBXCopyFilesBuildPhase;
			buildActionMask = 2147483647;
			dstPath = /usr/share/man/man1/;
			dstSubfolderSpec = 0;
			files = (
			);
			runOnlyForDeploymentPostprocessing = 1;
		};
		CF60FFAC22004756003387F7 /* CopyFiles */ = {
			isa = PBXCopyFilesBuildPhase;
			buildActionMask = 2147483647;
			dstPath = /usr/share/man/man1/;
			dstSubfolderSpec = 0;
			files = (
			);
			runOnlyForDeploymentPostprocessing = 1;
		};
		CF67FBEA221E42F100C6B9EF /* CopyFiles */ = {
			isa = PBXCopyFilesBuildPhase;
			buildActionMask = 2147483647;
			dstPath = /usr/share/man/man1/;
			dstSubfolderSpec = 0;
			files = (
			);
			runOnlyForDeploymentPostprocessing = 1;
		};
		CF67FBF5221E499100C6B9EF /* CopyFiles */ = {
			isa = PBXCopyFilesBuildPhase;
			buildActionMask = 2147483647;
			dstPath = /usr/share/man/man1/;
			dstSubfolderSpec = 0;
			files = (
			);
			runOnlyForDeploymentPostprocessing = 1;
		};
		CF67FC00221E506600C6B9EF /* CopyFiles */ = {
			isa = PBXCopyFilesBuildPhase;
			buildActionMask = 2147483647;
			dstPath = /usr/share/man/man1/;
			dstSubfolderSpec = 0;
			files = (
			);
			runOnlyForDeploymentPostprocessing = 1;
		};
		CF829266221E78A0003A64BC /* CopyFiles */ = {
			isa = PBXCopyFilesBuildPhase;
			buildActionMask = 2147483647;
			dstPath = /usr/share/man/man1/;
			dstSubfolderSpec = 0;
			files = (
			);
			runOnlyForDeploymentPostprocessing = 1;
		};
		CF829275221EA9AA003A64BC /* CopyFiles */ = {
			isa = PBXCopyFilesBuildPhase;
			buildActionMask = 2147483647;
			dstPath = /usr/share/man/man1/;
			dstSubfolderSpec = 0;
			files = (
			);
			runOnlyForDeploymentPostprocessing = 1;
		};
		CFC231D2220171F700C96D90 /* CopyFiles */ = {
			isa = PBXCopyFilesBuildPhase;
			buildActionMask = 2147483647;
			dstPath = /usr/share/man/man1/;
			dstSubfolderSpec = 0;
			files = (
			);
			runOnlyForDeploymentPostprocessing = 1;
		};
		CFC29FD42216BC0C003AA3FA /* CopyFiles */ = {
			isa = PBXCopyFilesBuildPhase;
			buildActionMask = 2147483647;
			dstPath = /usr/share/man/man1/;
			dstSubfolderSpec = 0;
			files = (
			);
			runOnlyForDeploymentPostprocessing = 1;
		};
		CFC3EA72214DEBA900B71B9B /* CopyFiles */ = {
			isa = PBXCopyFilesBuildPhase;
			buildActionMask = 2147483647;
			dstPath = /usr/share/man/man1/;
			dstSubfolderSpec = 0;
			files = (
			);
			runOnlyForDeploymentPostprocessing = 1;
		};
		CFEB6EFA221AAB3700872974 /* CopyFiles */ = {
			isa = PBXCopyFilesBuildPhase;
			buildActionMask = 2147483647;
			dstPath = /usr/share/man/man1/;
			dstSubfolderSpec = 0;
			files = (
			);
			runOnlyForDeploymentPostprocessing = 1;
		};
/* End PBXCopyFilesBuildPhase section */

/* Begin PBXFileReference section */
		8E316733221FF22D006661BA /* 自定义算法 */ = {isa = PBXFileReference; explicitFileType = "compiled.mach-o.executable"; includeInIndex = 0; path = "自定义算法"; sourceTree = BUILT_PRODUCTS_DIR; };
		8E31673B221FF24A006661BA /* main.cpp */ = {isa = PBXFileReference; fileEncoding = 4; lastKnownFileType = sourcecode.cpp.cpp; path = main.cpp; sourceTree = "<group>"; };
		8E43C1A32220EE450076A1E5 /* LinkTest.cpp */ = {isa = PBXFileReference; lastKnownFileType = sourcecode.cpp.cpp; path = LinkTest.cpp; sourceTree = "<group>"; };
		8E43C1A42220EE450076A1E5 /* LinkTest.hpp */ = {isa = PBXFileReference; lastKnownFileType = sourcecode.cpp.h; path = LinkTest.hpp; sourceTree = "<group>"; };
		8E43C1A622212B0E0076A1E5 /* combineList.cpp */ = {isa = PBXFileReference; lastKnownFileType = sourcecode.cpp.cpp; path = combineList.cpp; sourceTree = "<group>"; };
		8E43C1A722212B0E0076A1E5 /* combineList.hpp */ = {isa = PBXFileReference; lastKnownFileType = sourcecode.cpp.h; path = combineList.hpp; sourceTree = "<group>"; };
		CF1C380B221CFDB900F9DCFD /* SetTest.cpp */ = {isa = PBXFileReference; lastKnownFileType = sourcecode.cpp.cpp; path = SetTest.cpp; sourceTree = "<group>"; };
		CF1C380C221CFDB900F9DCFD /* SetTest.hpp */ = {isa = PBXFileReference; lastKnownFileType = sourcecode.cpp.h; path = SetTest.hpp; sourceTree = "<group>"; };
		CF206E5C21FBEEEA006AB203 /* cccc.h */ = {isa = PBXFileReference; lastKnownFileType = sourcecode.c.h; path = cccc.h; sourceTree = "<group>"; };
		CF206E5D21FBEEEA006AB203 /* cccc.c */ = {isa = PBXFileReference; lastKnownFileType = sourcecode.c.c; path = cccc.c; sourceTree = "<group>"; };
		CF206E5F21FBF6DC006AB203 /* Cube.cpp */ = {isa = PBXFileReference; lastKnownFileType = sourcecode.cpp.cpp; path = Cube.cpp; sourceTree = "<group>"; };
		CF206E6021FBF6DC006AB203 /* Cube.hpp */ = {isa = PBXFileReference; lastKnownFileType = sourcecode.cpp.h; path = Cube.hpp; sourceTree = "<group>"; };
		CF20ECAE22166A3200ED08E2 /* 虚析构和纯虚析构 */ = {isa = PBXFileReference; explicitFileType = "compiled.mach-o.executable"; includeInIndex = 0; path = "虚析构和纯虚析构"; sourceTree = BUILT_PRODUCTS_DIR; };
		CF20ECB022166A3200ED08E2 /* main.cpp */ = {isa = PBXFileReference; lastKnownFileType = sourcecode.cpp.cpp; path = main.cpp; sourceTree = "<group>"; };
		CF20ECB522166A3E00ED08E2 /* Person.cpp */ = {isa = PBXFileReference; lastKnownFileType = sourcecode.cpp.cpp; path = Person.cpp; sourceTree = "<group>"; };
		CF20ECB622166A3E00ED08E2 /* Person.hpp */ = {isa = PBXFileReference; lastKnownFileType = sourcecode.cpp.h; path = Person.hpp; sourceTree = "<group>"; };
		CF20ECBC2216773E00ED08E2 /* 类型转换 */ = {isa = PBXFileReference; explicitFileType = "compiled.mach-o.executable"; includeInIndex = 0; path = "类型转换"; sourceTree = BUILT_PRODUCTS_DIR; };
		CF20ECBE2216773E00ED08E2 /* main.cpp */ = {isa = PBXFileReference; lastKnownFileType = sourcecode.cpp.cpp; path = main.cpp; sourceTree = "<group>"; };
		CF20ECC32216775600ED08E2 /* Animal.cpp */ = {isa = PBXFileReference; lastKnownFileType = sourcecode.cpp.cpp; path = Animal.cpp; sourceTree = "<group>"; };
		CF20ECC42216775600ED08E2 /* Animal.hpp */ = {isa = PBXFileReference; lastKnownFileType = sourcecode.cpp.h; path = Animal.hpp; sourceTree = "<group>"; };
		CF20ECCA221694B400ED08E2 /* 多态小游戏案例 */ = {isa = PBXFileReference; explicitFileType = "compiled.mach-o.executable"; includeInIndex = 0; path = "多态小游戏案例"; sourceTree = BUILT_PRODUCTS_DIR; };
		CF20ECCC221694B400ED08E2 /* main.cpp */ = {isa = PBXFileReference; lastKnownFileType = sourcecode.cpp.cpp; path = main.cpp; sourceTree = "<group>"; };
		CF20ECD3221694F100ED08E2 /* Weapon.hpp */ = {isa = PBXFileReference; lastKnownFileType = sourcecode.cpp.h; path = Weapon.hpp; sourceTree = "<group>"; };
		CF20ECD5221695DC00ED08E2 /* Knife.cpp */ = {isa = PBXFileReference; lastKnownFileType = sourcecode.cpp.cpp; path = Knife.cpp; sourceTree = "<group>"; };
		CF20ECD6221695DC00ED08E2 /* Knife.hpp */ = {isa = PBXFileReference; lastKnownFileType = sourcecode.cpp.h; path = Knife.hpp; sourceTree = "<group>"; };
		CF20ECD82216971A00ED08E2 /* DragonSword.cpp */ = {isa = PBXFileReference; lastKnownFileType = sourcecode.cpp.cpp; path = DragonSword.cpp; sourceTree = "<group>"; };
		CF20ECD92216971A00ED08E2 /* DragonSword.hpp */ = {isa = PBXFileReference; lastKnownFileType = sourcecode.cpp.h; path = DragonSword.hpp; sourceTree = "<group>"; };
		CF2471F4221B9CE60015D4B0 /* STL */ = {isa = PBXFileReference; explicitFileType = "compiled.mach-o.executable"; includeInIndex = 0; path = STL; sourceTree = BUILT_PRODUCTS_DIR; };
		CF2471F6221B9CE60015D4B0 /* main.cpp */ = {isa = PBXFileReference; lastKnownFileType = sourcecode.cpp.cpp; path = main.cpp; sourceTree = "<group>"; };
		CF2471FC221BA0E10015D4B0 /* StringTest.cpp */ = {isa = PBXFileReference; lastKnownFileType = sourcecode.cpp.cpp; path = StringTest.cpp; sourceTree = "<group>"; };
		CF2471FD221BA0E10015D4B0 /* StringTest.hpp */ = {isa = PBXFileReference; lastKnownFileType = sourcecode.cpp.h; path = StringTest.hpp; sourceTree = "<group>"; };
		CF247200221BAF1B0015D4B0 /* VectorTest.cpp */ = {isa = PBXFileReference; lastKnownFileType = sourcecode.cpp.cpp; path = VectorTest.cpp; sourceTree = "<group>"; };
		CF247201221BAF1B0015D4B0 /* VectorTest.hpp */ = {isa = PBXFileReference; lastKnownFileType = sourcecode.cpp.h; path = VectorTest.hpp; sourceTree = "<group>"; };
		CF247204221BD5CB0015D4B0 /* DequeTest.cpp */ = {isa = PBXFileReference; lastKnownFileType = sourcecode.cpp.cpp; path = DequeTest.cpp; sourceTree = "<group>"; };
		CF247205221BD5CB0015D4B0 /* DequeTest.hpp */ = {isa = PBXFileReference; lastKnownFileType = sourcecode.cpp.h; path = DequeTest.hpp; sourceTree = "<group>"; };
		CF247208221BDAB70015D4B0 /* example.cpp */ = {isa = PBXFileReference; lastKnownFileType = sourcecode.cpp.cpp; path = example.cpp; sourceTree = "<group>"; };
		CF247209221BDAB70015D4B0 /* example.hpp */ = {isa = PBXFileReference; lastKnownFileType = sourcecode.cpp.h; path = example.hpp; sourceTree = "<group>"; };
		CF24720C221BE2410015D4B0 /* StackTest.cpp */ = {isa = PBXFileReference; lastKnownFileType = sourcecode.cpp.cpp; path = StackTest.cpp; sourceTree = "<group>"; };
		CF24720D221BE2410015D4B0 /* StackTest.hpp */ = {isa = PBXFileReference; lastKnownFileType = sourcecode.cpp.h; path = StackTest.hpp; sourceTree = "<group>"; };
		CF247210221BE6F50015D4B0 /* QueueTest.cpp */ = {isa = PBXFileReference; lastKnownFileType = sourcecode.cpp.cpp; path = QueueTest.cpp; sourceTree = "<group>"; };
		CF247211221BE6F50015D4B0 /* QueueTest.hpp */ = {isa = PBXFileReference; lastKnownFileType = sourcecode.cpp.h; path = QueueTest.hpp; sourceTree = "<group>"; };
		CF247214221BE87C0015D4B0 /* ListTest.cpp */ = {isa = PBXFileReference; lastKnownFileType = sourcecode.cpp.cpp; path = ListTest.cpp; sourceTree = "<group>"; };
		CF247215221BE87C0015D4B0 /* ListTest.hpp */ = {isa = PBXFileReference; lastKnownFileType = sourcecode.cpp.h; path = ListTest.hpp; sourceTree = "<group>"; };
		CF56170021FEF259009C3BB5 /* CustomArr.cpp */ = {isa = PBXFileReference; lastKnownFileType = sourcecode.cpp.cpp; path = CustomArr.cpp; sourceTree = "<group>"; };
		CF56170121FEF259009C3BB5 /* CustomArr.hpp */ = {isa = PBXFileReference; lastKnownFileType = sourcecode.cpp.h; path = CustomArr.hpp; sourceTree = "<group>"; };
		CF60FF9821FFE71E003387F7 /* CustomCa.cpp */ = {isa = PBXFileReference; lastKnownFileType = sourcecode.cpp.cpp; path = CustomCa.cpp; sourceTree = "<group>"; };
		CF60FF9921FFE71E003387F7 /* CustomCa.hpp */ = {isa = PBXFileReference; lastKnownFileType = sourcecode.cpp.h; path = CustomCa.hpp; sourceTree = "<group>"; };
		CF60FF9F2200291F003387F7 /* 字符串封装 */ = {isa = PBXFileReference; explicitFileType = "compiled.mach-o.executable"; includeInIndex = 0; path = "字符串封装"; sourceTree = BUILT_PRODUCTS_DIR; };
		CF60FFA122002920003387F7 /* main.mm */ = {isa = PBXFileReference; lastKnownFileType = sourcecode.cpp.objcpp; path = main.mm; sourceTree = "<group>"; };
		CF60FFA722002958003387F7 /* MyString.cpp */ = {isa = PBXFileReference; lastKnownFileType = sourcecode.cpp.cpp; path = MyString.cpp; sourceTree = "<group>"; };
		CF60FFA822002958003387F7 /* MyString.hpp */ = {isa = PBXFileReference; lastKnownFileType = sourcecode.cpp.h; path = MyString.hpp; sourceTree = "<group>"; };
		CF60FFAE22004756003387F7 /* 继承 */ = {isa = PBXFileReference; explicitFileType = "compiled.mach-o.executable"; includeInIndex = 0; path = "继承"; sourceTree = BUILT_PRODUCTS_DIR; };
		CF60FFB022004757003387F7 /* main.cpp */ = {isa = PBXFileReference; lastKnownFileType = sourcecode.cpp.cpp; path = main.cpp; sourceTree = "<group>"; };
		CF60FFB522004B8A003387F7 /* InheritClass.cpp */ = {isa = PBXFileReference; lastKnownFileType = sourcecode.cpp.cpp; path = InheritClass.cpp; sourceTree = "<group>"; };
		CF60FFB622004B8A003387F7 /* InheritClass.hpp */ = {isa = PBXFileReference; lastKnownFileType = sourcecode.cpp.h; path = InheritClass.hpp; sourceTree = "<group>"; };
		CF67FBE5221E361800C6B9EF /* worker.cpp */ = {isa = PBXFileReference; lastKnownFileType = sourcecode.cpp.cpp; path = worker.cpp; sourceTree = "<group>"; };
		CF67FBE6221E361800C6B9EF /* worker.hpp */ = {isa = PBXFileReference; lastKnownFileType = sourcecode.cpp.h; path = worker.hpp; sourceTree = "<group>"; };
		CF67FBEC221E42F100C6B9EF /* 谓词和仿函数 */ = {isa = PBXFileReference; explicitFileType = "compiled.mach-o.executable"; includeInIndex = 0; path = "谓词和仿函数"; sourceTree = BUILT_PRODUCTS_DIR; };
		CF67FBEE221E42F100C6B9EF /* main.cpp */ = {isa = PBXFileReference; lastKnownFileType = sourcecode.cpp.cpp; path = main.cpp; sourceTree = "<group>"; };
		CF67FBF7221E499100C6B9EF /* 适配器 */ = {isa = PBXFileReference; explicitFileType = "compiled.mach-o.executable"; includeInIndex = 0; path = "适配器"; sourceTree = BUILT_PRODUCTS_DIR; };
		CF67FBF9221E499100C6B9EF /* main.cpp */ = {isa = PBXFileReference; lastKnownFileType = sourcecode.cpp.cpp; path = main.cpp; sourceTree = "<group>"; };
		CF67FC02221E506600C6B9EF /* 算法 */ = {isa = PBXFileReference; explicitFileType = "compiled.mach-o.executable"; includeInIndex = 0; path = "算法"; sourceTree = BUILT_PRODUCTS_DIR; };
		CF67FC04221E506600C6B9EF /* main.cpp */ = {isa = PBXFileReference; lastKnownFileType = sourcecode.cpp.cpp; path = main.cpp; sourceTree = "<group>"; };
		CF829268221E78A0003A64BC /* 演讲比赛实战 */ = {isa = PBXFileReference; explicitFileType = "compiled.mach-o.executable"; includeInIndex = 0; path = "演讲比赛实战"; sourceTree = BUILT_PRODUCTS_DIR; };
		CF82926A221E78A1003A64BC /* main.cpp */ = {isa = PBXFileReference; lastKnownFileType = sourcecode.cpp.cpp; path = main.cpp; sourceTree = "<group>"; };
		CF82926F221E78C9003A64BC /* Header.h */ = {isa = PBXFileReference; lastKnownFileType = sourcecode.c.h; path = Header.h; sourceTree = "<group>"; };
		CF829270221E796F003A64BC /* Contestanter.cpp */ = {isa = PBXFileReference; lastKnownFileType = sourcecode.cpp.cpp; path = Contestanter.cpp; sourceTree = "<group>"; };
		CF829271221E796F003A64BC /* Contestanter.hpp */ = {isa = PBXFileReference; lastKnownFileType = sourcecode.cpp.h; path = Contestanter.hpp; sourceTree = "<group>"; };
		CF829277221EA9AA003A64BC /* 贪吃蛇 */ = {isa = PBXFileReference; explicitFileType = "compiled.mach-o.executable"; includeInIndex = 0; path = "贪吃蛇"; sourceTree = BUILT_PRODUCTS_DIR; };
		CF829279221EA9AA003A64BC /* main.cpp */ = {isa = PBXFileReference; lastKnownFileType = sourcecode.cpp.cpp; path = main.cpp; sourceTree = "<group>"; };
		CF82927F221EA9BF003A64BC /* OpenGL.framework */ = {isa = PBXFileReference; lastKnownFileType = wrapper.framework; name = OpenGL.framework; path = System/Library/Frameworks/OpenGL.framework; sourceTree = SDKROOT; };
		CF829281221EA9C7003A64BC /* GLUT.framework */ = {isa = PBXFileReference; lastKnownFileType = wrapper.framework; name = GLUT.framework; path = System/Library/Frameworks/GLUT.framework; sourceTree = SDKROOT; };
		CF829283221EA9CF003A64BC /* Foundation.framework */ = {isa = PBXFileReference; lastKnownFileType = wrapper.framework; name = Foundation.framework; path = System/Library/Frameworks/Foundation.framework; sourceTree = SDKROOT; };
		CF84190C21FAA71E009DC036 /* game1.cpp */ = {isa = PBXFileReference; lastKnownFileType = sourcecode.cpp.cpp; path = game1.cpp; sourceTree = "<group>"; };
		CF84190D21FAA71E009DC036 /* game1.hpp */ = {isa = PBXFileReference; lastKnownFileType = sourcecode.cpp.h; path = game1.hpp; sourceTree = "<group>"; };
		CF84190F21FAA730009DC036 /* game2.cpp */ = {isa = PBXFileReference; lastKnownFileType = sourcecode.cpp.cpp; path = game2.cpp; sourceTree = "<group>"; };
		CF84191021FAA730009DC036 /* game2.hpp */ = {isa = PBXFileReference; lastKnownFileType = sourcecode.cpp.h; path = game2.hpp; sourceTree = "<group>"; };
		CF84191321FAE46D009DC036 /* yinyong.cpp */ = {isa = PBXFileReference; lastKnownFileType = sourcecode.cpp.cpp; path = yinyong.cpp; sourceTree = "<group>"; };
		CF84191421FAE46D009DC036 /* yinyong.hpp */ = {isa = PBXFileReference; lastKnownFileType = sourcecode.cpp.h; path = yinyong.hpp; sourceTree = "<group>"; };
		CF84191721FAFB7E009DC036 /* Circle.cpp */ = {isa = PBXFileReference; lastKnownFileType = sourcecode.cpp.cpp; path = Circle.cpp; sourceTree = "<group>"; };
		CF84191821FAFB7E009DC036 /* Circle.hpp */ = {isa = PBXFileReference; lastKnownFileType = sourcecode.cpp.h; path = Circle.hpp; sourceTree = "<group>"; };
		CFC231D4220171F700C96D90 /* 动态联编和静态联编 */ = {isa = PBXFileReference; explicitFileType = "compiled.mach-o.executable"; includeInIndex = 0; path = "动态联编和静态联编"; sourceTree = BUILT_PRODUCTS_DIR; };
		CFC231D6220171F700C96D90 /* main.cpp */ = {isa = PBXFileReference; lastKnownFileType = sourcecode.cpp.cpp; path = main.cpp; sourceTree = "<group>"; };
		CFC231DB22017E1A00C96D90 /* Calculator.cpp */ = {isa = PBXFileReference; lastKnownFileType = sourcecode.cpp.cpp; path = Calculator.cpp; sourceTree = "<group>"; };
		CFC231DC22017E1A00C96D90 /* Calculator.hpp */ = {isa = PBXFileReference; lastKnownFileType = sourcecode.cpp.h; path = Calculator.hpp; sourceTree = "<group>"; };
		CFC29FC22216A3A8003AA3FA /* Weapon.cpp */ = {isa = PBXFileReference; lastKnownFileType = sourcecode.cpp.cpp; path = Weapon.cpp; sourceTree = "<group>"; };
		CFC29FCA2216A507003AA3FA /* Hero.hpp */ = {isa = PBXFileReference; fileEncoding = 4; lastKnownFileType = sourcecode.cpp.h; path = Hero.hpp; sourceTree = "<group>"; };
		CFC29FCB2216A507003AA3FA /* Hero.cpp */ = {isa = PBXFileReference; fileEncoding = 4; lastKnownFileType = sourcecode.cpp.cpp; path = Hero.cpp; sourceTree = "<group>"; };
		CFC29FCF2216A5AD003AA3FA /* Monster.hpp */ = {isa = PBXFileReference; fileEncoding = 4; lastKnownFileType = sourcecode.cpp.h; path = Monster.hpp; sourceTree = "<group>"; };
		CFC29FD02216A5AD003AA3FA /* Monster.cpp */ = {isa = PBXFileReference; fileEncoding = 4; lastKnownFileType = sourcecode.cpp.cpp; path = Monster.cpp; sourceTree = "<group>"; };
		CFC29FD62216BC0C003AA3FA /* 泛型编程_模板 */ = {isa = PBXFileReference; explicitFileType = "compiled.mach-o.executable"; includeInIndex = 0; path = "泛型编程_模板"; sourceTree = BUILT_PRODUCTS_DIR; };
		CFC29FD82216BC0C003AA3FA /* main.cpp */ = {isa = PBXFileReference; lastKnownFileType = sourcecode.cpp.cpp; path = main.cpp; sourceTree = "<group>"; };
		CFC3EA74214DEBA900B71B9B /* 学习C++ */ = {isa = PBXFileReference; explicitFileType = "compiled.mach-o.executable"; includeInIndex = 0; path = "学习C++"; sourceTree = BUILT_PRODUCTS_DIR; };
		CFC3EA77214DEBA900B71B9B /* main.cpp */ = {isa = PBXFileReference; lastKnownFileType = sourcecode.cpp.cpp; path = main.cpp; sourceTree = "<group>"; };
		CFEB6EE5221A40FE00872974 /* sort.cpp */ = {isa = PBXFileReference; lastKnownFileType = sourcecode.cpp.cpp; path = sort.cpp; sourceTree = "<group>"; };
		CFEB6EE6221A40FE00872974 /* sort.hpp */ = {isa = PBXFileReference; lastKnownFileType = sourcecode.cpp.h; path = sort.hpp; sourceTree = "<group>"; };
		CFEB6EE9221A4F3100872974 /* function11.cpp */ = {isa = PBXFileReference; lastKnownFileType = sourcecode.cpp.cpp; path = function11.cpp; sourceTree = "<group>"; };
		CFEB6EEA221A4F3100872974 /* function11.hpp */ = {isa = PBXFileReference; lastKnownFileType = sourcecode.cpp.h; path = function11.hpp; sourceTree = "<group>"; };
		CFEB6EED221A5B6200872974 /* ClassTemplate.cpp */ = {isa = PBXFileReference; lastKnownFileType = sourcecode.cpp.cpp; path = ClassTemplate.cpp; sourceTree = "<group>"; };
		CFEB6EEE221A5B6200872974 /* ClassTemplate.hpp */ = {isa = PBXFileReference; lastKnownFileType = sourcecode.cpp.h; path = ClassTemplate.hpp; sourceTree = "<group>"; };
		CFEB6EF1221A876B00872974 /* Muban.cpp */ = {isa = PBXFileReference; lastKnownFileType = sourcecode.cpp.cpp; path = Muban.cpp; sourceTree = "<group>"; };
		CFEB6EF2221A876B00872974 /* Muban.hpp */ = {isa = PBXFileReference; lastKnownFileType = sourcecode.cpp.h; path = Muban.hpp; sourceTree = "<group>"; };
		CFEB6EF5221A94BC00872974 /* CustomArr1.cpp */ = {isa = PBXFileReference; lastKnownFileType = sourcecode.cpp.cpp; path = CustomArr1.cpp; sourceTree = "<group>"; };
		CFEB6EF6221A94BC00872974 /* CustomArr1.hpp */ = {isa = PBXFileReference; lastKnownFileType = sourcecode.cpp.h; path = CustomArr1.hpp; sourceTree = "<group>"; };
		CFEB6EFC221AAB3700872974 /* 异常基本处理 */ = {isa = PBXFileReference; explicitFileType = "compiled.mach-o.executable"; includeInIndex = 0; path = "异常基本处理"; sourceTree = BUILT_PRODUCTS_DIR; };
		CFEB6EFE221AAB3700872974 /* main.cpp */ = {isa = PBXFileReference; lastKnownFileType = sourcecode.cpp.cpp; path = main.cpp; sourceTree = "<group>"; };
		CFEEB70121FC117D006D190F /* Classss.cpp */ = {isa = PBXFileReference; lastKnownFileType = sourcecode.cpp.cpp; path = Classss.cpp; sourceTree = "<group>"; };
		CFEEB70221FC117D006D190F /* Classss.hpp */ = {isa = PBXFileReference; lastKnownFileType = sourcecode.cpp.h; path = Classss.hpp; sourceTree = "<group>"; };
		CFEEB70521FC33C3006D190F /* Printer.cpp */ = {isa = PBXFileReference; lastKnownFileType = sourcecode.cpp.cpp; path = Printer.cpp; sourceTree = "<group>"; };
		CFEEB70621FC33C3006D190F /* Printer.hpp */ = {isa = PBXFileReference; lastKnownFileType = sourcecode.cpp.h; path = Printer.hpp; sourceTree = "<group>"; };
		CFEEB70921FC4EC3006D190F /* FriendTest.cpp */ = {isa = PBXFileReference; lastKnownFileType = sourcecode.cpp.cpp; path = FriendTest.cpp; sourceTree = "<group>"; };
		CFEEB70A21FC4EC3006D190F /* FriendTest.hpp */ = {isa = PBXFileReference; lastKnownFileType = sourcecode.cpp.h; path = FriendTest.hpp; sourceTree = "<group>"; };
/* End PBXFileReference section */

/* Begin PBXFrameworksBuildPhase section */
		8E316730221FF22D006661BA /* Frameworks */ = {
			isa = PBXFrameworksBuildPhase;
			buildActionMask = 2147483647;
			files = (
			);
			runOnlyForDeploymentPostprocessing = 0;
		};
		CF20ECAB22166A3200ED08E2 /* Frameworks */ = {
			isa = PBXFrameworksBuildPhase;
			buildActionMask = 2147483647;
			files = (
			);
			runOnlyForDeploymentPostprocessing = 0;
		};
		CF20ECB92216773E00ED08E2 /* Frameworks */ = {
			isa = PBXFrameworksBuildPhase;
			buildActionMask = 2147483647;
			files = (
			);
			runOnlyForDeploymentPostprocessing = 0;
		};
		CF20ECC7221694B400ED08E2 /* Frameworks */ = {
			isa = PBXFrameworksBuildPhase;
			buildActionMask = 2147483647;
			files = (
			);
			runOnlyForDeploymentPostprocessing = 0;
		};
		CF2471F1221B9CE60015D4B0 /* Frameworks */ = {
			isa = PBXFrameworksBuildPhase;
			buildActionMask = 2147483647;
			files = (
			);
			runOnlyForDeploymentPostprocessing = 0;
		};
		CF60FF9C2200291F003387F7 /* Frameworks */ = {
			isa = PBXFrameworksBuildPhase;
			buildActionMask = 2147483647;
			files = (
			);
			runOnlyForDeploymentPostprocessing = 0;
		};
		CF60FFAB22004756003387F7 /* Frameworks */ = {
			isa = PBXFrameworksBuildPhase;
			buildActionMask = 2147483647;
			files = (
			);
			runOnlyForDeploymentPostprocessing = 0;
		};
		CF67FBE9221E42F100C6B9EF /* Frameworks */ = {
			isa = PBXFrameworksBuildPhase;
			buildActionMask = 2147483647;
			files = (
			);
			runOnlyForDeploymentPostprocessing = 0;
		};
		CF67FBF4221E499100C6B9EF /* Frameworks */ = {
			isa = PBXFrameworksBuildPhase;
			buildActionMask = 2147483647;
			files = (
			);
			runOnlyForDeploymentPostprocessing = 0;
		};
		CF67FBFF221E506600C6B9EF /* Frameworks */ = {
			isa = PBXFrameworksBuildPhase;
			buildActionMask = 2147483647;
			files = (
			);
			runOnlyForDeploymentPostprocessing = 0;
		};
		CF829265221E78A0003A64BC /* Frameworks */ = {
			isa = PBXFrameworksBuildPhase;
			buildActionMask = 2147483647;
			files = (
			);
			runOnlyForDeploymentPostprocessing = 0;
		};
		CF829274221EA9AA003A64BC /* Frameworks */ = {
			isa = PBXFrameworksBuildPhase;
			buildActionMask = 2147483647;
			files = (
				CF829284221EA9CF003A64BC /* Foundation.framework in Frameworks */,
				CF829282221EA9C7003A64BC /* GLUT.framework in Frameworks */,
				CF829280221EA9BF003A64BC /* OpenGL.framework in Frameworks */,
			);
			runOnlyForDeploymentPostprocessing = 0;
		};
		CFC231D1220171F700C96D90 /* Frameworks */ = {
			isa = PBXFrameworksBuildPhase;
			buildActionMask = 2147483647;
			files = (
			);
			runOnlyForDeploymentPostprocessing = 0;
		};
		CFC29FD32216BC0C003AA3FA /* Frameworks */ = {
			isa = PBXFrameworksBuildPhase;
			buildActionMask = 2147483647;
			files = (
			);
			runOnlyForDeploymentPostprocessing = 0;
		};
		CFC3EA71214DEBA900B71B9B /* Frameworks */ = {
			isa = PBXFrameworksBuildPhase;
			buildActionMask = 2147483647;
			files = (
			);
			runOnlyForDeploymentPostprocessing = 0;
		};
		CFEB6EF9221AAB3700872974 /* Frameworks */ = {
			isa = PBXFrameworksBuildPhase;
			buildActionMask = 2147483647;
			files = (
			);
			runOnlyForDeploymentPostprocessing = 0;
		};
/* End PBXFrameworksBuildPhase section */

/* Begin PBXGroup section */
		8E31673A221FF24A006661BA /* 自定义算法 */ = {
			isa = PBXGroup;
			children = (
				8E31673B221FF24A006661BA /* main.cpp */,
				8E43C1A622212B0E0076A1E5 /* combineList.cpp */,
				8E43C1A722212B0E0076A1E5 /* combineList.hpp */,
				8E43C1A32220EE450076A1E5 /* LinkTest.cpp */,
				8E43C1A42220EE450076A1E5 /* LinkTest.hpp */,
			);
			path = "自定义算法";
			sourceTree = "<group>";
		};
		CF1C380A221CFDA900F9DCFD /* Set容器 */ = {
			isa = PBXGroup;
			children = (
				CF1C380B221CFDB900F9DCFD /* SetTest.cpp */,
				CF1C380C221CFDB900F9DCFD /* SetTest.hpp */,
			);
			path = "Set容器";
			sourceTree = "<group>";
		};
		CF20ECAF22166A3200ED08E2 /* 虚析构和纯虚析构 */ = {
			isa = PBXGroup;
			children = (
				CF20ECB022166A3200ED08E2 /* main.cpp */,
				CF20ECB522166A3E00ED08E2 /* Person.cpp */,
				CF20ECB622166A3E00ED08E2 /* Person.hpp */,
			);
			path = "虚析构和纯虚析构";
			sourceTree = "<group>";
		};
		CF20ECBD2216773E00ED08E2 /* 类型转换 */ = {
			isa = PBXGroup;
			children = (
				CF20ECBE2216773E00ED08E2 /* main.cpp */,
				CF20ECC32216775600ED08E2 /* Animal.cpp */,
				CF20ECC42216775600ED08E2 /* Animal.hpp */,
			);
			path = "类型转换";
			sourceTree = "<group>";
		};
		CF20ECCB221694B400ED08E2 /* 多态小游戏案例 */ = {
			isa = PBXGroup;
			children = (
				CFC29FD02216A5AD003AA3FA /* Monster.cpp */,
				CFC29FCF2216A5AD003AA3FA /* Monster.hpp */,
				CFC29FCB2216A507003AA3FA /* Hero.cpp */,
				CFC29FCA2216A507003AA3FA /* Hero.hpp */,
				CF20ECCC221694B400ED08E2 /* main.cpp */,
				CF20ECD3221694F100ED08E2 /* Weapon.hpp */,
				CFC29FC22216A3A8003AA3FA /* Weapon.cpp */,
				CF20ECD5221695DC00ED08E2 /* Knife.cpp */,
				CF20ECD6221695DC00ED08E2 /* Knife.hpp */,
				CF20ECD82216971A00ED08E2 /* DragonSword.cpp */,
				CF20ECD92216971A00ED08E2 /* DragonSword.hpp */,
			);
			path = "多态小游戏案例";
			sourceTree = "<group>";
		};
		CF2471F5221B9CE60015D4B0 /* STL */ = {
			isa = PBXGroup;
			children = (
				CF1C380A221CFDA900F9DCFD /* Set容器 */,
				CF247213221BE85B0015D4B0 /* List容器-重点 */,
				CF24720F221BE6DF0015D4B0 /* queue容器-先进先出 */,
				CF24720B221BE2300015D4B0 /* stack容器 */,
				CF247207221BDAA60015D4B0 /* 小案例额 */,
				CF247203221BD5B50015D4B0 /* Deque容器 */,
				CF2471FF221BAF060015D4B0 /* vector容器-重点 */,
				CF2471FB221BA0D30015D4B0 /* string容器 */,
				CF2471F6221B9CE60015D4B0 /* main.cpp */,
			);
			path = STL;
			sourceTree = "<group>";
		};
		CF2471FB221BA0D30015D4B0 /* string容器 */ = {
			isa = PBXGroup;
			children = (
				CF2471FC221BA0E10015D4B0 /* StringTest.cpp */,
				CF2471FD221BA0E10015D4B0 /* StringTest.hpp */,
			);
			path = "string容器";
			sourceTree = "<group>";
		};
		CF2471FF221BAF060015D4B0 /* vector容器-重点 */ = {
			isa = PBXGroup;
			children = (
				CF247200221BAF1B0015D4B0 /* VectorTest.cpp */,
				CF247201221BAF1B0015D4B0 /* VectorTest.hpp */,
			);
			path = "vector容器-重点";
			sourceTree = "<group>";
		};
		CF247203221BD5B50015D4B0 /* Deque容器 */ = {
			isa = PBXGroup;
			children = (
				CF247204221BD5CB0015D4B0 /* DequeTest.cpp */,
				CF247205221BD5CB0015D4B0 /* DequeTest.hpp */,
			);
			path = "Deque容器";
			sourceTree = "<group>";
		};
		CF247207221BDAA60015D4B0 /* 小案例额 */ = {
			isa = PBXGroup;
			children = (
				CF247208221BDAB70015D4B0 /* example.cpp */,
				CF247209221BDAB70015D4B0 /* example.hpp */,
				CF67FBE5221E361800C6B9EF /* worker.cpp */,
				CF67FBE6221E361800C6B9EF /* worker.hpp */,
			);
			path = "小案例额";
			sourceTree = "<group>";
		};
		CF24720B221BE2300015D4B0 /* stack容器 */ = {
			isa = PBXGroup;
			children = (
				CF24720C221BE2410015D4B0 /* StackTest.cpp */,
				CF24720D221BE2410015D4B0 /* StackTest.hpp */,
			);
			path = "stack容器";
			sourceTree = "<group>";
		};
		CF24720F221BE6DF0015D4B0 /* queue容器-先进先出 */ = {
			isa = PBXGroup;
			children = (
				CF247210221BE6F50015D4B0 /* QueueTest.cpp */,
				CF247211221BE6F50015D4B0 /* QueueTest.hpp */,
			);
			path = "queue容器-先进先出";
			sourceTree = "<group>";
		};
		CF247213221BE85B0015D4B0 /* List容器-重点 */ = {
			isa = PBXGroup;
			children = (
				CF247214221BE87C0015D4B0 /* ListTest.cpp */,
				CF247215221BE87C0015D4B0 /* ListTest.hpp */,
			);
			path = "List容器-重点";
			sourceTree = "<group>";
		};
		CF5616FF21FEF24C009C3BB5 /* 自定义数组 */ = {
			isa = PBXGroup;
			children = (
				CF56170021FEF259009C3BB5 /* CustomArr.cpp */,
				CF56170121FEF259009C3BB5 /* CustomArr.hpp */,
			);
			path = "自定义数组";
			sourceTree = "<group>";
		};
		CF60FF9721FFE70A003387F7 /* 运算符重载and智能指针，仿函数 */ = {
			isa = PBXGroup;
			children = (
				CF60FF9821FFE71E003387F7 /* CustomCa.cpp */,
				CF60FF9921FFE71E003387F7 /* CustomCa.hpp */,
			);
			path = "运算符重载and智能指针，仿函数";
			sourceTree = "<group>";
		};
		CF60FFA022002920003387F7 /* 字符串封装 */ = {
			isa = PBXGroup;
			children = (
				CF60FFA62200293B003387F7 /* Mystring */,
				CF60FFA122002920003387F7 /* main.mm */,
			);
			path = "字符串封装";
			sourceTree = "<group>";
		};
		CF60FFA62200293B003387F7 /* Mystring */ = {
			isa = PBXGroup;
			children = (
				CF60FFA722002958003387F7 /* MyString.cpp */,
				CF60FFA822002958003387F7 /* MyString.hpp */,
			);
			path = Mystring;
			sourceTree = "<group>";
		};
		CF60FFAF22004757003387F7 /* 继承 */ = {
			isa = PBXGroup;
			children = (
				CF60FFB022004757003387F7 /* main.cpp */,
				CF60FFB522004B8A003387F7 /* InheritClass.cpp */,
				CF60FFB622004B8A003387F7 /* InheritClass.hpp */,
			);
			path = "继承";
			sourceTree = "<group>";
		};
		CF67FBED221E42F100C6B9EF /* 谓词和仿函数 */ = {
			isa = PBXGroup;
			children = (
				CF67FBEE221E42F100C6B9EF /* main.cpp */,
			);
			path = "谓词和仿函数";
			sourceTree = "<group>";
		};
		CF67FBF8221E499100C6B9EF /* 适配器 */ = {
			isa = PBXGroup;
			children = (
				CF67FBF9221E499100C6B9EF /* main.cpp */,
			);
			path = "适配器";
			sourceTree = "<group>";
		};
		CF67FC03221E506600C6B9EF /* 算法 */ = {
			isa = PBXGroup;
			children = (
				CF67FC04221E506600C6B9EF /* main.cpp */,
			);
			path = "算法";
			sourceTree = "<group>";
		};
		CF829269221E78A1003A64BC /* 演讲比赛实战 */ = {
			isa = PBXGroup;
			children = (
				CF82926A221E78A1003A64BC /* main.cpp */,
				CF82926F221E78C9003A64BC /* Header.h */,
				CF829270221E796F003A64BC /* Contestanter.cpp */,
				CF829271221E796F003A64BC /* Contestanter.hpp */,
			);
			path = "演讲比赛实战";
			sourceTree = "<group>";
		};
		CF829278221EA9AA003A64BC /* 贪吃蛇 */ = {
			isa = PBXGroup;
			children = (
				CF829279221EA9AA003A64BC /* main.cpp */,
			);
			path = "贪吃蛇";
			sourceTree = "<group>";
		};
		CF82927E221EA9BE003A64BC /* Frameworks */ = {
			isa = PBXGroup;
			children = (
				CF829283221EA9CF003A64BC /* Foundation.framework */,
				CF829281221EA9C7003A64BC /* GLUT.framework */,
				CF82927F221EA9BF003A64BC /* OpenGL.framework */,
			);
			name = Frameworks;
			sourceTree = "<group>";
		};
		CF84190B21FAA70D009DC036 /* New Group */ = {
			isa = PBXGroup;
			children = (
				CF84190C21FAA71E009DC036 /* game1.cpp */,
				CF84190D21FAA71E009DC036 /* game1.hpp */,
				CF84190F21FAA730009DC036 /* game2.cpp */,
				CF84191021FAA730009DC036 /* game2.hpp */,
			);
			path = "New Group";
			sourceTree = "<group>";
		};
		CF84191221FAE44A009DC036 /* 引用 */ = {
			isa = PBXGroup;
			children = (
				CF84191321FAE46D009DC036 /* yinyong.cpp */,
				CF84191421FAE46D009DC036 /* yinyong.hpp */,
			);
			name = "引用";
			path = "New Group/引用";
			sourceTree = "<group>";
		};
		CF84191621FAFB66009DC036 /* 类 */ = {
			isa = PBXGroup;
			children = (
				CF84191721FAFB7E009DC036 /* Circle.cpp */,
				CF84191821FAFB7E009DC036 /* Circle.hpp */,
				CF206E5C21FBEEEA006AB203 /* cccc.h */,
				CF206E5D21FBEEEA006AB203 /* cccc.c */,
				CF206E5F21FBF6DC006AB203 /* Cube.cpp */,
				CF206E6021FBF6DC006AB203 /* Cube.hpp */,
				CFEEB70121FC117D006D190F /* Classss.cpp */,
				CFEEB70221FC117D006D190F /* Classss.hpp */,
			);
			name = "类";
			path = "New Group/引用/类";
			sourceTree = "<group>";
		};
		CFC231D5220171F700C96D90 /* 动态联编和静态联编 */ = {
			isa = PBXGroup;
			children = (
				CFC231D6220171F700C96D90 /* main.cpp */,
				CFC231DB22017E1A00C96D90 /* Calculator.cpp */,
				CFC231DC22017E1A00C96D90 /* Calculator.hpp */,
			);
			path = "动态联编和静态联编";
			sourceTree = "<group>";
		};
		CFC29FD72216BC0C003AA3FA /* 泛型编程_模板 */ = {
			isa = PBXGroup;
			children = (
				CFEB6EF4221A94A300872974 /* 用模板定义数组类型 */,
				CFEB6EF0221A875A00872974 /* 类模板的份文件编写（模板一般不分文件编写） */,
				CFEB6EEC221A5B5200872974 /* 类模板 */,
				CFEB6EE8221A4F1B00872974 /* 模板的局限性以及解决 */,
				CFEB6EE4221A40DF00872974 /* 使用泛型对char和int排序 */,
				CFC29FD82216BC0C003AA3FA /* main.cpp */,
			);
			path = "泛型编程_模板";
			sourceTree = "<group>";
		};
		CFC3EA6B214DEBA800B71B9B = {
			isa = PBXGroup;
			children = (
				CFC3EA76214DEBA900B71B9B /* 学习C++ */,
				CF60FFA022002920003387F7 /* 字符串封装 */,
				CF60FFAF22004757003387F7 /* 继承 */,
				CFC231D5220171F700C96D90 /* 动态联编和静态联编 */,
				CF20ECAF22166A3200ED08E2 /* 虚析构和纯虚析构 */,
				CF20ECBD2216773E00ED08E2 /* 类型转换 */,
				CF20ECCB221694B400ED08E2 /* 多态小游戏案例 */,
				CFC29FD72216BC0C003AA3FA /* 泛型编程_模板 */,
				CFEB6EFD221AAB3700872974 /* 异常基本处理 */,
				CF2471F5221B9CE60015D4B0 /* STL */,
				CF67FBED221E42F100C6B9EF /* 谓词和仿函数 */,
				CF67FBF8221E499100C6B9EF /* 适配器 */,
				CF67FC03221E506600C6B9EF /* 算法 */,
				CF829269221E78A1003A64BC /* 演讲比赛实战 */,
				CF829278221EA9AA003A64BC /* 贪吃蛇 */,
				8E31673A221FF24A006661BA /* 自定义算法 */,
				CFC3EA75214DEBA900B71B9B /* Products */,
				CF82927E221EA9BE003A64BC /* Frameworks */,
			);
			sourceTree = "<group>";
		};
		CFC3EA75214DEBA900B71B9B /* Products */ = {
			isa = PBXGroup;
			children = (
				CFC3EA74214DEBA900B71B9B /* 学习C++ */,
				CF60FF9F2200291F003387F7 /* 字符串封装 */,
				CF60FFAE22004756003387F7 /* 继承 */,
				CFC231D4220171F700C96D90 /* 动态联编和静态联编 */,
				CF20ECAE22166A3200ED08E2 /* 虚析构和纯虚析构 */,
				CF20ECBC2216773E00ED08E2 /* 类型转换 */,
				CF20ECCA221694B400ED08E2 /* 多态小游戏案例 */,
				CFC29FD62216BC0C003AA3FA /* 泛型编程_模板 */,
				CFEB6EFC221AAB3700872974 /* 异常基本处理 */,
				CF2471F4221B9CE60015D4B0 /* STL */,
				CF67FBEC221E42F100C6B9EF /* 谓词和仿函数 */,
				CF67FBF7221E499100C6B9EF /* 适配器 */,
				CF67FC02221E506600C6B9EF /* 算法 */,
				CF829268221E78A0003A64BC /* 演讲比赛实战 */,
				CF829277221EA9AA003A64BC /* 贪吃蛇 */,
				8E316733221FF22D006661BA /* 自定义算法 */,
			);
			name = Products;
			sourceTree = "<group>";
		};
		CFC3EA76214DEBA900B71B9B /* 学习C++ */ = {
			isa = PBXGroup;
			children = (
				CF60FF9721FFE70A003387F7 /* 运算符重载and智能指针，仿函数 */,
				CF5616FF21FEF24C009C3BB5 /* 自定义数组 */,
				CFEEB70821FC4E98006D190F /* 友元 */,
				CFEEB70421FC33B7006D190F /* 单例 */,
				CFC3EA77214DEBA900B71B9B /* main.cpp */,
				CF84191621FAFB66009DC036 /* 类 */,
				CF84191221FAE44A009DC036 /* 引用 */,
				CF84190B21FAA70D009DC036 /* New Group */,
			);
			path = "学习C++";
			sourceTree = "<group>";
		};
		CFEB6EE4221A40DF00872974 /* 使用泛型对char和int排序 */ = {
			isa = PBXGroup;
			children = (
				CFEB6EE5221A40FE00872974 /* sort.cpp */,
				CFEB6EE6221A40FE00872974 /* sort.hpp */,
			);
			path = "使用泛型对char和int排序";
			sourceTree = "<group>";
		};
		CFEB6EE8221A4F1B00872974 /* 模板的局限性以及解决 */ = {
			isa = PBXGroup;
			children = (
				CFEB6EE9221A4F3100872974 /* function11.cpp */,
				CFEB6EEA221A4F3100872974 /* function11.hpp */,
			);
			path = "模板的局限性以及解决";
			sourceTree = "<group>";
		};
		CFEB6EEC221A5B5200872974 /* 类模板 */ = {
			isa = PBXGroup;
			children = (
				CFEB6EED221A5B6200872974 /* ClassTemplate.cpp */,
				CFEB6EEE221A5B6200872974 /* ClassTemplate.hpp */,
			);
			path = "类模板";
			sourceTree = "<group>";
		};
		CFEB6EF0221A875A00872974 /* 类模板的份文件编写（模板一般不分文件编写） */ = {
			isa = PBXGroup;
			children = (
				CFEB6EF1221A876B00872974 /* Muban.cpp */,
				CFEB6EF2221A876B00872974 /* Muban.hpp */,
			);
			path = "类模板的份文件编写（模板一般不分文件编写）";
			sourceTree = "<group>";
		};
		CFEB6EF4221A94A300872974 /* 用模板定义数组类型 */ = {
			isa = PBXGroup;
			children = (
				CFEB6EF5221A94BC00872974 /* CustomArr1.cpp */,
				CFEB6EF6221A94BC00872974 /* CustomArr1.hpp */,
			);
			path = "用模板定义数组类型";
			sourceTree = "<group>";
		};
		CFEB6EFD221AAB3700872974 /* 异常基本处理 */ = {
			isa = PBXGroup;
			children = (
				CFEB6EFE221AAB3700872974 /* main.cpp */,
			);
			path = "异常基本处理";
			sourceTree = "<group>";
		};
		CFEEB70421FC33B7006D190F /* 单例 */ = {
			isa = PBXGroup;
			children = (
				CFEEB70521FC33C3006D190F /* Printer.cpp */,
				CFEEB70621FC33C3006D190F /* Printer.hpp */,
			);
			path = "单例";
			sourceTree = "<group>";
		};
		CFEEB70821FC4E98006D190F /* 友元 */ = {
			isa = PBXGroup;
			children = (
				CFEEB70921FC4EC3006D190F /* FriendTest.cpp */,
				CFEEB70A21FC4EC3006D190F /* FriendTest.hpp */,
			);
			path = "友元";
			sourceTree = "<group>";
		};
/* End PBXGroup section */

/* Begin PBXNativeTarget section */
		8E316732221FF22D006661BA /* 自定义算法 */ = {
			isa = PBXNativeTarget;
			buildConfigurationList = 8E316737221FF22D006661BA /* Build configuration list for PBXNativeTarget "自定义算法" */;
			buildPhases = (
				8E31672F221FF22D006661BA /* Sources */,
				8E316730221FF22D006661BA /* Frameworks */,
				8E316731221FF22D006661BA /* CopyFiles */,
			);
			buildRules = (
			);
			dependencies = (
			);
			name = "自定义算法";
			productName = "自定义算法";
			productReference = 8E316733221FF22D006661BA /* 自定义算法 */;
			productType = "com.apple.product-type.tool";
		};
		CF20ECAD22166A3200ED08E2 /* 虚析构和纯虚析构 */ = {
			isa = PBXNativeTarget;
			buildConfigurationList = CF20ECB222166A3200ED08E2 /* Build configuration list for PBXNativeTarget "虚析构和纯虚析构" */;
			buildPhases = (
				CF20ECAA22166A3200ED08E2 /* Sources */,
				CF20ECAB22166A3200ED08E2 /* Frameworks */,
				CF20ECAC22166A3200ED08E2 /* CopyFiles */,
			);
			buildRules = (
			);
			dependencies = (
			);
			name = "虚析构和纯虚析构";
			productName = "虚析构和纯虚析构";
			productReference = CF20ECAE22166A3200ED08E2 /* 虚析构和纯虚析构 */;
			productType = "com.apple.product-type.tool";
		};
		CF20ECBB2216773E00ED08E2 /* 类型转换 */ = {
			isa = PBXNativeTarget;
			buildConfigurationList = CF20ECC02216773E00ED08E2 /* Build configuration list for PBXNativeTarget "类型转换" */;
			buildPhases = (
				CF20ECB82216773E00ED08E2 /* Sources */,
				CF20ECB92216773E00ED08E2 /* Frameworks */,
				CF20ECBA2216773E00ED08E2 /* CopyFiles */,
			);
			buildRules = (
			);
			dependencies = (
			);
			name = "类型转换";
			productName = "类型转换";
			productReference = CF20ECBC2216773E00ED08E2 /* 类型转换 */;
			productType = "com.apple.product-type.tool";
		};
		CF20ECC9221694B400ED08E2 /* 多态小游戏案例 */ = {
			isa = PBXNativeTarget;
			buildConfigurationList = CF20ECCE221694B400ED08E2 /* Build configuration list for PBXNativeTarget "多态小游戏案例" */;
			buildPhases = (
				CF20ECC6221694B400ED08E2 /* Sources */,
				CF20ECC7221694B400ED08E2 /* Frameworks */,
				CF20ECC8221694B400ED08E2 /* CopyFiles */,
			);
			buildRules = (
			);
			dependencies = (
			);
			name = "多态小游戏案例";
			productName = "多态小游戏案例";
			productReference = CF20ECCA221694B400ED08E2 /* 多态小游戏案例 */;
			productType = "com.apple.product-type.tool";
		};
		CF2471F3221B9CE60015D4B0 /* STL */ = {
			isa = PBXNativeTarget;
			buildConfigurationList = CF2471FA221B9CE60015D4B0 /* Build configuration list for PBXNativeTarget "STL" */;
			buildPhases = (
				CF2471F0221B9CE60015D4B0 /* Sources */,
				CF2471F1221B9CE60015D4B0 /* Frameworks */,
				CF2471F2221B9CE60015D4B0 /* CopyFiles */,
			);
			buildRules = (
			);
			dependencies = (
			);
			name = STL;
			productName = STL;
			productReference = CF2471F4221B9CE60015D4B0 /* STL */;
			productType = "com.apple.product-type.tool";
		};
		CF60FF9E2200291F003387F7 /* 字符串封装 */ = {
			isa = PBXNativeTarget;
			buildConfigurationList = CF60FFA322002920003387F7 /* Build configuration list for PBXNativeTarget "字符串封装" */;
			buildPhases = (
				CF60FF9B2200291F003387F7 /* Sources */,
				CF60FF9C2200291F003387F7 /* Frameworks */,
				CF60FF9D2200291F003387F7 /* CopyFiles */,
			);
			buildRules = (
			);
			dependencies = (
			);
			name = "字符串封装";
			productName = "字符串封装";
			productReference = CF60FF9F2200291F003387F7 /* 字符串封装 */;
			productType = "com.apple.product-type.tool";
		};
		CF60FFAD22004756003387F7 /* 继承 */ = {
			isa = PBXNativeTarget;
			buildConfigurationList = CF60FFB222004757003387F7 /* Build configuration list for PBXNativeTarget "继承" */;
			buildPhases = (
				CF60FFAA22004756003387F7 /* Sources */,
				CF60FFAB22004756003387F7 /* Frameworks */,
				CF60FFAC22004756003387F7 /* CopyFiles */,
			);
			buildRules = (
			);
			dependencies = (
			);
			name = "继承";
			productName = "继承";
			productReference = CF60FFAE22004756003387F7 /* 继承 */;
			productType = "com.apple.product-type.tool";
		};
		CF67FBEB221E42F100C6B9EF /* 谓词和仿函数 */ = {
			isa = PBXNativeTarget;
			buildConfigurationList = CF67FBF2221E42F100C6B9EF /* Build configuration list for PBXNativeTarget "谓词和仿函数" */;
			buildPhases = (
				CF67FBE8221E42F100C6B9EF /* Sources */,
				CF67FBE9221E42F100C6B9EF /* Frameworks */,
				CF67FBEA221E42F100C6B9EF /* CopyFiles */,
			);
			buildRules = (
			);
			dependencies = (
			);
			name = "谓词和仿函数";
			productName = "谓词和仿函数";
			productReference = CF67FBEC221E42F100C6B9EF /* 谓词和仿函数 */;
			productType = "com.apple.product-type.tool";
		};
		CF67FBF6221E499100C6B9EF /* 适配器 */ = {
			isa = PBXNativeTarget;
			buildConfigurationList = CF67FBFB221E499100C6B9EF /* Build configuration list for PBXNativeTarget "适配器" */;
			buildPhases = (
				CF67FBF3221E499100C6B9EF /* Sources */,
				CF67FBF4221E499100C6B9EF /* Frameworks */,
				CF67FBF5221E499100C6B9EF /* CopyFiles */,
			);
			buildRules = (
			);
			dependencies = (
			);
			name = "适配器";
			productName = "适配器";
			productReference = CF67FBF7221E499100C6B9EF /* 适配器 */;
			productType = "com.apple.product-type.tool";
		};
		CF67FC01221E506600C6B9EF /* 算法 */ = {
			isa = PBXNativeTarget;
			buildConfigurationList = CF67FC06221E506600C6B9EF /* Build configuration list for PBXNativeTarget "算法" */;
			buildPhases = (
				CF67FBFE221E506600C6B9EF /* Sources */,
				CF67FBFF221E506600C6B9EF /* Frameworks */,
				CF67FC00221E506600C6B9EF /* CopyFiles */,
			);
			buildRules = (
			);
			dependencies = (
			);
			name = "算法";
			productName = "算法";
			productReference = CF67FC02221E506600C6B9EF /* 算法 */;
			productType = "com.apple.product-type.tool";
		};
		CF829267221E78A0003A64BC /* 演讲比赛实战 */ = {
			isa = PBXNativeTarget;
			buildConfigurationList = CF82926E221E78A1003A64BC /* Build configuration list for PBXNativeTarget "演讲比赛实战" */;
			buildPhases = (
				CF829264221E78A0003A64BC /* Sources */,
				CF829265221E78A0003A64BC /* Frameworks */,
				CF829266221E78A0003A64BC /* CopyFiles */,
			);
			buildRules = (
			);
			dependencies = (
			);
			name = "演讲比赛实战";
			productName = "演讲比赛实战";
			productReference = CF829268221E78A0003A64BC /* 演讲比赛实战 */;
			productType = "com.apple.product-type.tool";
		};
		CF829276221EA9AA003A64BC /* 贪吃蛇 */ = {
			isa = PBXNativeTarget;
			buildConfigurationList = CF82927B221EA9AA003A64BC /* Build configuration list for PBXNativeTarget "贪吃蛇" */;
			buildPhases = (
				CF829273221EA9AA003A64BC /* Sources */,
				CF829274221EA9AA003A64BC /* Frameworks */,
				CF829275221EA9AA003A64BC /* CopyFiles */,
			);
			buildRules = (
			);
			dependencies = (
			);
			name = "贪吃蛇";
			productName = "贪吃蛇";
			productReference = CF829277221EA9AA003A64BC /* 贪吃蛇 */;
			productType = "com.apple.product-type.tool";
		};
		CFC231D3220171F700C96D90 /* 动态联编和静态联编 */ = {
			isa = PBXNativeTarget;
			buildConfigurationList = CFC231DA220171F700C96D90 /* Build configuration list for PBXNativeTarget "动态联编和静态联编" */;
			buildPhases = (
				CFC231D0220171F700C96D90 /* Sources */,
				CFC231D1220171F700C96D90 /* Frameworks */,
				CFC231D2220171F700C96D90 /* CopyFiles */,
			);
			buildRules = (
			);
			dependencies = (
			);
			name = "动态联编和静态联编";
			productName = "动态联编和静态联编";
			productReference = CFC231D4220171F700C96D90 /* 动态联编和静态联编 */;
			productType = "com.apple.product-type.tool";
		};
		CFC29FD52216BC0C003AA3FA /* 泛型编程_模板 */ = {
			isa = PBXNativeTarget;
			buildConfigurationList = CFC29FDA2216BC0C003AA3FA /* Build configuration list for PBXNativeTarget "泛型编程_模板" */;
			buildPhases = (
				CFC29FD22216BC0C003AA3FA /* Sources */,
				CFC29FD32216BC0C003AA3FA /* Frameworks */,
				CFC29FD42216BC0C003AA3FA /* CopyFiles */,
			);
			buildRules = (
			);
			dependencies = (
			);
			name = "泛型编程_模板";
			productName = "泛型编程_模板";
			productReference = CFC29FD62216BC0C003AA3FA /* 泛型编程_模板 */;
			productType = "com.apple.product-type.tool";
		};
		CFC3EA73214DEBA900B71B9B /* 学习C++ */ = {
			isa = PBXNativeTarget;
			buildConfigurationList = CFC3EA7B214DEBA900B71B9B /* Build configuration list for PBXNativeTarget "学习C++" */;
			buildPhases = (
				CFC3EA70214DEBA900B71B9B /* Sources */,
				CFC3EA71214DEBA900B71B9B /* Frameworks */,
				CFC3EA72214DEBA900B71B9B /* CopyFiles */,
			);
			buildRules = (
			);
			dependencies = (
			);
			name = "学习C++";
			productName = "学习C++";
			productReference = CFC3EA74214DEBA900B71B9B /* 学习C++ */;
			productType = "com.apple.product-type.tool";
		};
		CFEB6EFB221AAB3700872974 /* 异常基本处理 */ = {
			isa = PBXNativeTarget;
			buildConfigurationList = CFEB6F00221AAB3800872974 /* Build configuration list for PBXNativeTarget "异常基本处理" */;
			buildPhases = (
				CFEB6EF8221AAB3700872974 /* Sources */,
				CFEB6EF9221AAB3700872974 /* Frameworks */,
				CFEB6EFA221AAB3700872974 /* CopyFiles */,
			);
			buildRules = (
			);
			dependencies = (
			);
			name = "异常基本处理";
			productName = "异常基本处理";
			productReference = CFEB6EFC221AAB3700872974 /* 异常基本处理 */;
			productType = "com.apple.product-type.tool";
		};
/* End PBXNativeTarget section */

/* Begin PBXProject section */
		CFC3EA6C214DEBA800B71B9B /* Project object */ = {
			isa = PBXProject;
			attributes = {
				LastUpgradeCheck = 0910;
				ORGANIZATIONNAME = luqiuan;
				TargetAttributes = {
					8E316732221FF22D006661BA = {
						CreatedOnToolsVersion = 9.2;
						ProvisioningStyle = Automatic;
					};
					CF20ECAD22166A3200ED08E2 = {
						CreatedOnToolsVersion = 10.1;
						ProvisioningStyle = Automatic;
					};
					CF20ECBB2216773E00ED08E2 = {
						CreatedOnToolsVersion = 10.1;
						ProvisioningStyle = Automatic;
					};
					CF20ECC9221694B400ED08E2 = {
						CreatedOnToolsVersion = 10.1;
						ProvisioningStyle = Automatic;
					};
					CF2471F3221B9CE60015D4B0 = {
						CreatedOnToolsVersion = 10.1;
						ProvisioningStyle = Automatic;
					};
					CF60FF9E2200291F003387F7 = {
						CreatedOnToolsVersion = 10.1;
						ProvisioningStyle = Automatic;
					};
					CF60FFAD22004756003387F7 = {
						CreatedOnToolsVersion = 10.1;
						ProvisioningStyle = Automatic;
					};
					CF67FBEB221E42F100C6B9EF = {
						CreatedOnToolsVersion = 10.1;
						ProvisioningStyle = Automatic;
					};
					CF67FBF6221E499100C6B9EF = {
						CreatedOnToolsVersion = 10.1;
						ProvisioningStyle = Automatic;
					};
					CF67FC01221E506600C6B9EF = {
						CreatedOnToolsVersion = 10.1;
						ProvisioningStyle = Automatic;
					};
					CF829267221E78A0003A64BC = {
						CreatedOnToolsVersion = 10.1;
						ProvisioningStyle = Automatic;
					};
					CF829276221EA9AA003A64BC = {
						CreatedOnToolsVersion = 10.1;
						ProvisioningStyle = Automatic;
					};
					CFC231D3220171F700C96D90 = {
						CreatedOnToolsVersion = 10.1;
						ProvisioningStyle = Automatic;
					};
					CFC29FD52216BC0C003AA3FA = {
						CreatedOnToolsVersion = 10.1;
						ProvisioningStyle = Automatic;
					};
					CFC3EA73214DEBA900B71B9B = {
						CreatedOnToolsVersion = 9.1;
						ProvisioningStyle = Automatic;
					};
					CFEB6EFB221AAB3700872974 = {
						CreatedOnToolsVersion = 10.1;
						ProvisioningStyle = Automatic;
					};
				};
			};
			buildConfigurationList = CFC3EA6F214DEBA800B71B9B /* Build configuration list for PBXProject "学习C++" */;
			compatibilityVersion = "Xcode 8.0";
			developmentRegion = en;
			hasScannedForEncodings = 0;
			knownRegions = (
				en,
			);
			mainGroup = CFC3EA6B214DEBA800B71B9B;
			productRefGroup = CFC3EA75214DEBA900B71B9B /* Products */;
			projectDirPath = "";
			projectRoot = "";
			targets = (
				CFC3EA73214DEBA900B71B9B /* 学习C++ */,
				CF60FF9E2200291F003387F7 /* 字符串封装 */,
				CF60FFAD22004756003387F7 /* 继承 */,
				CFC231D3220171F700C96D90 /* 动态联编和静态联编 */,
				CF20ECAD22166A3200ED08E2 /* 虚析构和纯虚析构 */,
				CF20ECBB2216773E00ED08E2 /* 类型转换 */,
				CF20ECC9221694B400ED08E2 /* 多态小游戏案例 */,
				CFC29FD52216BC0C003AA3FA /* 泛型编程_模板 */,
				CFEB6EFB221AAB3700872974 /* 异常基本处理 */,
				CF2471F3221B9CE60015D4B0 /* STL */,
				CF67FBEB221E42F100C6B9EF /* 谓词和仿函数 */,
				CF67FBF6221E499100C6B9EF /* 适配器 */,
				CF67FC01221E506600C6B9EF /* 算法 */,
				CF829267221E78A0003A64BC /* 演讲比赛实战 */,
				CF829276221EA9AA003A64BC /* 贪吃蛇 */,
				8E316732221FF22D006661BA /* 自定义算法 */,
			);
		};
/* End PBXProject section */

/* Begin PBXSourcesBuildPhase section */
		8E31672F221FF22D006661BA /* Sources */ = {
			isa = PBXSourcesBuildPhase;
			buildActionMask = 2147483647;
			files = (
				8E31673C221FF24B006661BA /* main.cpp in Sources */,
				8E43C1A52220EE460076A1E5 /* LinkTest.cpp in Sources */,
				8E43C1A822212B0E0076A1E5 /* combineList.cpp in Sources */,
			);
			runOnlyForDeploymentPostprocessing = 0;
		};
		CF20ECAA22166A3200ED08E2 /* Sources */ = {
			isa = PBXSourcesBuildPhase;
			buildActionMask = 2147483647;
			files = (
				CF20ECB722166A3E00ED08E2 /* Person.cpp in Sources */,
				CF20ECB122166A3200ED08E2 /* main.cpp in Sources */,
			);
			runOnlyForDeploymentPostprocessing = 0;
		};
		CF20ECB82216773E00ED08E2 /* Sources */ = {
			isa = PBXSourcesBuildPhase;
			buildActionMask = 2147483647;
			files = (
				CF20ECBF2216773E00ED08E2 /* main.cpp in Sources */,
				CF20ECC52216775600ED08E2 /* Animal.cpp in Sources */,
			);
			runOnlyForDeploymentPostprocessing = 0;
		};
		CF20ECC6221694B400ED08E2 /* Sources */ = {
			isa = PBXSourcesBuildPhase;
			buildActionMask = 2147483647;
			files = (
				CF20ECCD221694B400ED08E2 /* main.cpp in Sources */,
				CFC29FC32216A3A8003AA3FA /* Weapon.cpp in Sources */,
				CF20ECD7221695DC00ED08E2 /* Knife.cpp in Sources */,
				CF20ECDA2216971A00ED08E2 /* DragonSword.cpp in Sources */,
				CFC29FD12216A5AD003AA3FA /* Monster.cpp in Sources */,
				CFC29FCD2216A507003AA3FA /* Hero.cpp in Sources */,
			);
			runOnlyForDeploymentPostprocessing = 0;
		};
		CF2471F0221B9CE60015D4B0 /* Sources */ = {
			isa = PBXSourcesBuildPhase;
			buildActionMask = 2147483647;
			files = (
				CF24720E221BE2410015D4B0 /* StackTest.cpp in Sources */,
				CF247216221BE87C0015D4B0 /* ListTest.cpp in Sources */,
				CF247212221BE6F50015D4B0 /* QueueTest.cpp in Sources */,
				CF1C380D221CFDB900F9DCFD /* SetTest.cpp in Sources */,
				CF24720A221BDAB70015D4B0 /* example.cpp in Sources */,
				CF2471FE221BA0E10015D4B0 /* StringTest.cpp in Sources */,
				CF2471F7221B9CE60015D4B0 /* main.cpp in Sources */,
				CF247206221BD5CB0015D4B0 /* DequeTest.cpp in Sources */,
				CF247202221BAF1B0015D4B0 /* VectorTest.cpp in Sources */,
				CF67FBE7221E361800C6B9EF /* worker.cpp in Sources */,
			);
			runOnlyForDeploymentPostprocessing = 0;
		};
		CF60FF9B2200291F003387F7 /* Sources */ = {
			isa = PBXSourcesBuildPhase;
			buildActionMask = 2147483647;
			files = (
				CF60FFA922002958003387F7 /* MyString.cpp in Sources */,
				CF60FFA222002920003387F7 /* main.mm in Sources */,
			);
			runOnlyForDeploymentPostprocessing = 0;
		};
		CF60FFAA22004756003387F7 /* Sources */ = {
			isa = PBXSourcesBuildPhase;
			buildActionMask = 2147483647;
			files = (
				CF60FFB722004B8A003387F7 /* InheritClass.cpp in Sources */,
				CF60FFB122004757003387F7 /* main.cpp in Sources */,
			);
			runOnlyForDeploymentPostprocessing = 0;
		};
		CF67FBE8221E42F100C6B9EF /* Sources */ = {
			isa = PBXSourcesBuildPhase;
			buildActionMask = 2147483647;
			files = (
				CF67FBEF221E42F100C6B9EF /* main.cpp in Sources */,
			);
			runOnlyForDeploymentPostprocessing = 0;
		};
		CF67FBF3221E499100C6B9EF /* Sources */ = {
			isa = PBXSourcesBuildPhase;
			buildActionMask = 2147483647;
			files = (
				CF67FBFA221E499100C6B9EF /* main.cpp in Sources */,
			);
			runOnlyForDeploymentPostprocessing = 0;
		};
		CF67FBFE221E506600C6B9EF /* Sources */ = {
			isa = PBXSourcesBuildPhase;
			buildActionMask = 2147483647;
			files = (
				CF67FC05221E506600C6B9EF /* main.cpp in Sources */,
			);
			runOnlyForDeploymentPostprocessing = 0;
		};
		CF829264221E78A0003A64BC /* Sources */ = {
			isa = PBXSourcesBuildPhase;
			buildActionMask = 2147483647;
			files = (
				CF82926B221E78A1003A64BC /* main.cpp in Sources */,
				CF829272221E796F003A64BC /* Contestanter.cpp in Sources */,
			);
			runOnlyForDeploymentPostprocessing = 0;
		};
		CF829273221EA9AA003A64BC /* Sources */ = {
			isa = PBXSourcesBuildPhase;
			buildActionMask = 2147483647;
			files = (
				CF82927A221EA9AA003A64BC /* main.cpp in Sources */,
			);
			runOnlyForDeploymentPostprocessing = 0;
		};
		CFC231D0220171F700C96D90 /* Sources */ = {
			isa = PBXSourcesBuildPhase;
			buildActionMask = 2147483647;
			files = (
				CFC231D7220171F700C96D90 /* main.cpp in Sources */,
				CFC231DD22017E1A00C96D90 /* Calculator.cpp in Sources */,
			);
			runOnlyForDeploymentPostprocessing = 0;
		};
		CFC29FD22216BC0C003AA3FA /* Sources */ = {
			isa = PBXSourcesBuildPhase;
			buildActionMask = 2147483647;
			files = (
				CFEB6EEF221A5B6200872974 /* ClassTemplate.cpp in Sources */,
				CFEB6EEB221A4F3100872974 /* function11.cpp in Sources */,
				CFEB6EF7221A94BC00872974 /* CustomArr1.cpp in Sources */,
				CFC29FD92216BC0C003AA3FA /* main.cpp in Sources */,
				CFEB6EF3221A876B00872974 /* Muban.cpp in Sources */,
				CFEB6EE7221A40FE00872974 /* sort.cpp in Sources */,
			);
			runOnlyForDeploymentPostprocessing = 0;
		};
		CFC3EA70214DEBA900B71B9B /* Sources */ = {
			isa = PBXSourcesBuildPhase;
			buildActionMask = 2147483647;
			files = (
				CF60FF9A21FFE71E003387F7 /* CustomCa.cpp in Sources */,
				CFEEB70321FC117D006D190F /* Classss.cpp in Sources */,
				CF56170221FEF259009C3BB5 /* CustomArr.cpp in Sources */,
				CFC3EA78214DEBA900B71B9B /* main.cpp in Sources */,
				CF206E5E21FBEEEA006AB203 /* cccc.c in Sources */,
				CFEEB70B21FC4EC3006D190F /* FriendTest.cpp in Sources */,
				CF84191921FAFB7E009DC036 /* Circle.cpp in Sources */,
				CF206E6121FBF6DC006AB203 /* Cube.cpp in Sources */,
				CF84191521FAE46D009DC036 /* yinyong.cpp in Sources */,
				CF84191121FAA730009DC036 /* game2.cpp in Sources */,
				CFEEB70721FC33C3006D190F /* Printer.cpp in Sources */,
				CF84190E21FAA71E009DC036 /* game1.cpp in Sources */,
			);
			runOnlyForDeploymentPostprocessing = 0;
		};
		CFEB6EF8221AAB3700872974 /* Sources */ = {
			isa = PBXSourcesBuildPhase;
			buildActionMask = 2147483647;
			files = (
				CFEB6EFF221AAB3800872974 /* main.cpp in Sources */,
			);
			runOnlyForDeploymentPostprocessing = 0;
		};
/* End PBXSourcesBuildPhase section */

/* Begin XCBuildConfiguration section */
		8E316738221FF22D006661BA /* Debug */ = {
			isa = XCBuildConfiguration;
			buildSettings = {
				CODE_SIGN_STYLE = Automatic;
				MACOSX_DEPLOYMENT_TARGET = 10.14;
				PRODUCT_NAME = "$(TARGET_NAME)";
			};
			name = Debug;
		};
		8E316739221FF22D006661BA /* Release */ = {
			isa = XCBuildConfiguration;
			buildSettings = {
				CODE_SIGN_STYLE = Automatic;
				MACOSX_DEPLOYMENT_TARGET = 10.14;
				PRODUCT_NAME = "$(TARGET_NAME)";
			};
			name = Release;
		};
		CF20ECB322166A3200ED08E2 /* Debug */ = {
			isa = XCBuildConfiguration;
			buildSettings = {
				CLANG_ENABLE_OBJC_WEAK = YES;
				CLANG_WARN_DEPRECATED_OBJC_IMPLEMENTATIONS = YES;
				CLANG_WARN_OBJC_IMPLICIT_RETAIN_SELF = YES;
				CODE_SIGN_STYLE = Automatic;
				MACOSX_DEPLOYMENT_TARGET = 10.14;
				MTL_ENABLE_DEBUG_INFO = INCLUDE_SOURCE;
				MTL_FAST_MATH = YES;
				PRODUCT_NAME = "$(TARGET_NAME)";
			};
			name = Debug;
		};
		CF20ECB422166A3200ED08E2 /* Release */ = {
			isa = XCBuildConfiguration;
			buildSettings = {
				CLANG_ENABLE_OBJC_WEAK = YES;
				CLANG_WARN_DEPRECATED_OBJC_IMPLEMENTATIONS = YES;
				CLANG_WARN_OBJC_IMPLICIT_RETAIN_SELF = YES;
				CODE_SIGN_STYLE = Automatic;
				MACOSX_DEPLOYMENT_TARGET = 10.14;
				MTL_FAST_MATH = YES;
				PRODUCT_NAME = "$(TARGET_NAME)";
			};
			name = Release;
		};
		CF20ECC12216773E00ED08E2 /* Debug */ = {
			isa = XCBuildConfiguration;
			buildSettings = {
				CLANG_ENABLE_OBJC_WEAK = YES;
				CLANG_WARN_DEPRECATED_OBJC_IMPLEMENTATIONS = YES;
				CLANG_WARN_OBJC_IMPLICIT_RETAIN_SELF = YES;
				CODE_SIGN_STYLE = Automatic;
				MACOSX_DEPLOYMENT_TARGET = 10.14;
				MTL_ENABLE_DEBUG_INFO = INCLUDE_SOURCE;
				MTL_FAST_MATH = YES;
				PRODUCT_NAME = "$(TARGET_NAME)";
			};
			name = Debug;
		};
		CF20ECC22216773E00ED08E2 /* Release */ = {
			isa = XCBuildConfiguration;
			buildSettings = {
				CLANG_ENABLE_OBJC_WEAK = YES;
				CLANG_WARN_DEPRECATED_OBJC_IMPLEMENTATIONS = YES;
				CLANG_WARN_OBJC_IMPLICIT_RETAIN_SELF = YES;
				CODE_SIGN_STYLE = Automatic;
				MACOSX_DEPLOYMENT_TARGET = 10.14;
				MTL_FAST_MATH = YES;
				PRODUCT_NAME = "$(TARGET_NAME)";
			};
			name = Release;
		};
		CF20ECCF221694B400ED08E2 /* Debug */ = {
			isa = XCBuildConfiguration;
			buildSettings = {
				CLANG_ENABLE_OBJC_WEAK = YES;
				CLANG_WARN_DEPRECATED_OBJC_IMPLEMENTATIONS = YES;
				CLANG_WARN_OBJC_IMPLICIT_RETAIN_SELF = YES;
				CODE_SIGN_STYLE = Automatic;
				MACOSX_DEPLOYMENT_TARGET = 10.14;
				MTL_ENABLE_DEBUG_INFO = INCLUDE_SOURCE;
				MTL_FAST_MATH = YES;
				PRODUCT_NAME = "$(TARGET_NAME)";
			};
			name = Debug;
		};
		CF20ECD0221694B400ED08E2 /* Release */ = {
			isa = XCBuildConfiguration;
			buildSettings = {
				CLANG_ENABLE_OBJC_WEAK = YES;
				CLANG_WARN_DEPRECATED_OBJC_IMPLEMENTATIONS = YES;
				CLANG_WARN_OBJC_IMPLICIT_RETAIN_SELF = YES;
				CODE_SIGN_STYLE = Automatic;
				MACOSX_DEPLOYMENT_TARGET = 10.14;
				MTL_FAST_MATH = YES;
				PRODUCT_NAME = "$(TARGET_NAME)";
			};
			name = Release;
		};
		CF2471F8221B9CE60015D4B0 /* Debug */ = {
			isa = XCBuildConfiguration;
			buildSettings = {
				CLANG_ENABLE_OBJC_WEAK = YES;
				CLANG_WARN_DEPRECATED_OBJC_IMPLEMENTATIONS = YES;
				CLANG_WARN_OBJC_IMPLICIT_RETAIN_SELF = YES;
				CODE_SIGN_STYLE = Automatic;
				MACOSX_DEPLOYMENT_TARGET = 10.14;
				MTL_ENABLE_DEBUG_INFO = INCLUDE_SOURCE;
				MTL_FAST_MATH = YES;
				PRODUCT_NAME = "$(TARGET_NAME)";
			};
			name = Debug;
		};
		CF2471F9221B9CE60015D4B0 /* Release */ = {
			isa = XCBuildConfiguration;
			buildSettings = {
				CLANG_ENABLE_OBJC_WEAK = YES;
				CLANG_WARN_DEPRECATED_OBJC_IMPLEMENTATIONS = YES;
				CLANG_WARN_OBJC_IMPLICIT_RETAIN_SELF = YES;
				CODE_SIGN_STYLE = Automatic;
				MACOSX_DEPLOYMENT_TARGET = 10.14;
				MTL_FAST_MATH = YES;
				PRODUCT_NAME = "$(TARGET_NAME)";
			};
			name = Release;
		};
		CF60FFA422002920003387F7 /* Debug */ = {
			isa = XCBuildConfiguration;
			buildSettings = {
				CLANG_ENABLE_OBJC_WEAK = YES;
				CLANG_WARN_DEPRECATED_OBJC_IMPLEMENTATIONS = YES;
				CLANG_WARN_OBJC_IMPLICIT_RETAIN_SELF = YES;
				CODE_SIGN_STYLE = Automatic;
				MACOSX_DEPLOYMENT_TARGET = 10.14;
				MTL_ENABLE_DEBUG_INFO = INCLUDE_SOURCE;
				MTL_FAST_MATH = YES;
				PRODUCT_NAME = "$(TARGET_NAME)";
			};
			name = Debug;
		};
		CF60FFA522002920003387F7 /* Release */ = {
			isa = XCBuildConfiguration;
			buildSettings = {
				CLANG_ENABLE_OBJC_WEAK = YES;
				CLANG_WARN_DEPRECATED_OBJC_IMPLEMENTATIONS = YES;
				CLANG_WARN_OBJC_IMPLICIT_RETAIN_SELF = YES;
				CODE_SIGN_STYLE = Automatic;
				MACOSX_DEPLOYMENT_TARGET = 10.14;
				MTL_FAST_MATH = YES;
				PRODUCT_NAME = "$(TARGET_NAME)";
			};
			name = Release;
		};
		CF60FFB322004757003387F7 /* Debug */ = {
			isa = XCBuildConfiguration;
			buildSettings = {
				CLANG_ENABLE_OBJC_WEAK = YES;
				CLANG_WARN_DEPRECATED_OBJC_IMPLEMENTATIONS = YES;
				CLANG_WARN_OBJC_IMPLICIT_RETAIN_SELF = YES;
				CODE_SIGN_STYLE = Automatic;
				MACOSX_DEPLOYMENT_TARGET = 10.14;
				MTL_ENABLE_DEBUG_INFO = INCLUDE_SOURCE;
				MTL_FAST_MATH = YES;
				PRODUCT_NAME = "$(TARGET_NAME)";
			};
			name = Debug;
		};
		CF60FFB422004757003387F7 /* Release */ = {
			isa = XCBuildConfiguration;
			buildSettings = {
				CLANG_ENABLE_OBJC_WEAK = YES;
				CLANG_WARN_DEPRECATED_OBJC_IMPLEMENTATIONS = YES;
				CLANG_WARN_OBJC_IMPLICIT_RETAIN_SELF = YES;
				CODE_SIGN_STYLE = Automatic;
				MACOSX_DEPLOYMENT_TARGET = 10.14;
				MTL_FAST_MATH = YES;
				PRODUCT_NAME = "$(TARGET_NAME)";
			};
			name = Release;
		};
		CF67FBF0221E42F100C6B9EF /* Debug */ = {
			isa = XCBuildConfiguration;
			buildSettings = {
				CLANG_ENABLE_OBJC_WEAK = YES;
				CLANG_WARN_DEPRECATED_OBJC_IMPLEMENTATIONS = YES;
				CLANG_WARN_OBJC_IMPLICIT_RETAIN_SELF = YES;
				CODE_SIGN_STYLE = Automatic;
				MACOSX_DEPLOYMENT_TARGET = 10.14;
				MTL_ENABLE_DEBUG_INFO = INCLUDE_SOURCE;
				MTL_FAST_MATH = YES;
				PRODUCT_NAME = "$(TARGET_NAME)";
			};
			name = Debug;
		};
		CF67FBF1221E42F100C6B9EF /* Release */ = {
			isa = XCBuildConfiguration;
			buildSettings = {
				CLANG_ENABLE_OBJC_WEAK = YES;
				CLANG_WARN_DEPRECATED_OBJC_IMPLEMENTATIONS = YES;
				CLANG_WARN_OBJC_IMPLICIT_RETAIN_SELF = YES;
				CODE_SIGN_STYLE = Automatic;
				MACOSX_DEPLOYMENT_TARGET = 10.14;
				MTL_FAST_MATH = YES;
				PRODUCT_NAME = "$(TARGET_NAME)";
			};
			name = Release;
		};
		CF67FBFC221E499100C6B9EF /* Debug */ = {
			isa = XCBuildConfiguration;
			buildSettings = {
				CLANG_ENABLE_OBJC_WEAK = YES;
				CLANG_WARN_DEPRECATED_OBJC_IMPLEMENTATIONS = YES;
				CLANG_WARN_OBJC_IMPLICIT_RETAIN_SELF = YES;
				CODE_SIGN_STYLE = Automatic;
				MACOSX_DEPLOYMENT_TARGET = 10.14;
				MTL_ENABLE_DEBUG_INFO = INCLUDE_SOURCE;
				MTL_FAST_MATH = YES;
				PRODUCT_NAME = "$(TARGET_NAME)";
			};
			name = Debug;
		};
		CF67FBFD221E499100C6B9EF /* Release */ = {
			isa = XCBuildConfiguration;
			buildSettings = {
				CLANG_ENABLE_OBJC_WEAK = YES;
				CLANG_WARN_DEPRECATED_OBJC_IMPLEMENTATIONS = YES;
				CLANG_WARN_OBJC_IMPLICIT_RETAIN_SELF = YES;
				CODE_SIGN_STYLE = Automatic;
				MACOSX_DEPLOYMENT_TARGET = 10.14;
				MTL_FAST_MATH = YES;
				PRODUCT_NAME = "$(TARGET_NAME)";
			};
			name = Release;
		};
		CF67FC07221E506600C6B9EF /* Debug */ = {
			isa = XCBuildConfiguration;
			buildSettings = {
				CLANG_ENABLE_OBJC_WEAK = YES;
				CLANG_WARN_DEPRECATED_OBJC_IMPLEMENTATIONS = YES;
				CLANG_WARN_OBJC_IMPLICIT_RETAIN_SELF = YES;
				CODE_SIGN_STYLE = Automatic;
				MACOSX_DEPLOYMENT_TARGET = 10.14;
				MTL_ENABLE_DEBUG_INFO = INCLUDE_SOURCE;
				MTL_FAST_MATH = YES;
				PRODUCT_NAME = "$(TARGET_NAME)";
			};
			name = Debug;
		};
		CF67FC08221E506600C6B9EF /* Release */ = {
			isa = XCBuildConfiguration;
			buildSettings = {
				CLANG_ENABLE_OBJC_WEAK = YES;
				CLANG_WARN_DEPRECATED_OBJC_IMPLEMENTATIONS = YES;
				CLANG_WARN_OBJC_IMPLICIT_RETAIN_SELF = YES;
				CODE_SIGN_STYLE = Automatic;
				MACOSX_DEPLOYMENT_TARGET = 10.14;
				MTL_FAST_MATH = YES;
				PRODUCT_NAME = "$(TARGET_NAME)";
			};
			name = Release;
		};
		CF82926C221E78A1003A64BC /* Debug */ = {
			isa = XCBuildConfiguration;
			buildSettings = {
				CLANG_ENABLE_OBJC_WEAK = YES;
				CLANG_WARN_DEPRECATED_OBJC_IMPLEMENTATIONS = YES;
				CLANG_WARN_OBJC_IMPLICIT_RETAIN_SELF = YES;
				CODE_SIGN_STYLE = Automatic;
				MACOSX_DEPLOYMENT_TARGET = 10.14;
				MTL_ENABLE_DEBUG_INFO = INCLUDE_SOURCE;
				MTL_FAST_MATH = YES;
				PRODUCT_NAME = "$(TARGET_NAME)";
			};
			name = Debug;
		};
		CF82926D221E78A1003A64BC /* Release */ = {
			isa = XCBuildConfiguration;
			buildSettings = {
				CLANG_ENABLE_OBJC_WEAK = YES;
				CLANG_WARN_DEPRECATED_OBJC_IMPLEMENTATIONS = YES;
				CLANG_WARN_OBJC_IMPLICIT_RETAIN_SELF = YES;
				CODE_SIGN_STYLE = Automatic;
				MACOSX_DEPLOYMENT_TARGET = 10.14;
				MTL_FAST_MATH = YES;
				PRODUCT_NAME = "$(TARGET_NAME)";
			};
			name = Release;
		};
		CF82927C221EA9AA003A64BC /* Debug */ = {
			isa = XCBuildConfiguration;
			buildSettings = {
				CLANG_ENABLE_OBJC_WEAK = YES;
				CLANG_WARN_DEPRECATED_OBJC_IMPLEMENTATIONS = YES;
				CLANG_WARN_OBJC_IMPLICIT_RETAIN_SELF = YES;
				CODE_SIGN_STYLE = Automatic;
				MACOSX_DEPLOYMENT_TARGET = 10.14;
				MTL_ENABLE_DEBUG_INFO = INCLUDE_SOURCE;
				MTL_FAST_MATH = YES;
				PRODUCT_NAME = "$(TARGET_NAME)";
			};
			name = Debug;
		};
		CF82927D221EA9AA003A64BC /* Release */ = {
			isa = XCBuildConfiguration;
			buildSettings = {
				CLANG_ENABLE_OBJC_WEAK = YES;
				CLANG_WARN_DEPRECATED_OBJC_IMPLEMENTATIONS = YES;
				CLANG_WARN_OBJC_IMPLICIT_RETAIN_SELF = YES;
				CODE_SIGN_STYLE = Automatic;
				MACOSX_DEPLOYMENT_TARGET = 10.14;
				MTL_FAST_MATH = YES;
				PRODUCT_NAME = "$(TARGET_NAME)";
			};
			name = Release;
		};
		CFC231D8220171F700C96D90 /* Debug */ = {
			isa = XCBuildConfiguration;
			buildSettings = {
				CLANG_ENABLE_OBJC_WEAK = YES;
				CLANG_WARN_DEPRECATED_OBJC_IMPLEMENTATIONS = YES;
				CLANG_WARN_OBJC_IMPLICIT_RETAIN_SELF = YES;
				CODE_SIGN_STYLE = Automatic;
				MACOSX_DEPLOYMENT_TARGET = 10.14;
				MTL_ENABLE_DEBUG_INFO = INCLUDE_SOURCE;
				MTL_FAST_MATH = YES;
				PRODUCT_NAME = "$(TARGET_NAME)";
			};
			name = Debug;
		};
		CFC231D9220171F700C96D90 /* Release */ = {
			isa = XCBuildConfiguration;
			buildSettings = {
				CLANG_ENABLE_OBJC_WEAK = YES;
				CLANG_WARN_DEPRECATED_OBJC_IMPLEMENTATIONS = YES;
				CLANG_WARN_OBJC_IMPLICIT_RETAIN_SELF = YES;
				CODE_SIGN_STYLE = Automatic;
				MACOSX_DEPLOYMENT_TARGET = 10.14;
				MTL_FAST_MATH = YES;
				PRODUCT_NAME = "$(TARGET_NAME)";
			};
			name = Release;
		};
		CFC29FDB2216BC0C003AA3FA /* Debug */ = {
			isa = XCBuildConfiguration;
			buildSettings = {
				CLANG_ENABLE_OBJC_WEAK = YES;
				CLANG_WARN_DEPRECATED_OBJC_IMPLEMENTATIONS = YES;
				CLANG_WARN_OBJC_IMPLICIT_RETAIN_SELF = YES;
				CODE_SIGN_STYLE = Automatic;
				MACOSX_DEPLOYMENT_TARGET = 10.14;
				MTL_ENABLE_DEBUG_INFO = INCLUDE_SOURCE;
				MTL_FAST_MATH = YES;
				PRODUCT_NAME = "$(TARGET_NAME)";
			};
			name = Debug;
		};
		CFC29FDC2216BC0C003AA3FA /* Release */ = {
			isa = XCBuildConfiguration;
			buildSettings = {
				CLANG_ENABLE_OBJC_WEAK = YES;
				CLANG_WARN_DEPRECATED_OBJC_IMPLEMENTATIONS = YES;
				CLANG_WARN_OBJC_IMPLICIT_RETAIN_SELF = YES;
				CODE_SIGN_STYLE = Automatic;
				MACOSX_DEPLOYMENT_TARGET = 10.14;
				MTL_FAST_MATH = YES;
				PRODUCT_NAME = "$(TARGET_NAME)";
			};
			name = Release;
		};
		CFC3EA79214DEBA900B71B9B /* Debug */ = {
			isa = XCBuildConfiguration;
			buildSettings = {
				ALWAYS_SEARCH_USER_PATHS = NO;
				CLANG_ANALYZER_NONNULL = YES;
				CLANG_ANALYZER_NUMBER_OBJECT_CONVERSION = YES_AGGRESSIVE;
				CLANG_CXX_LANGUAGE_STANDARD = "gnu++14";
				CLANG_CXX_LIBRARY = "libc++";
				CLANG_ENABLE_MODULES = YES;
				CLANG_ENABLE_OBJC_ARC = YES;
				CLANG_WARN_BLOCK_CAPTURE_AUTORELEASING = YES;
				CLANG_WARN_BOOL_CONVERSION = YES;
				CLANG_WARN_COMMA = YES;
				CLANG_WARN_CONSTANT_CONVERSION = YES;
				CLANG_WARN_DIRECT_OBJC_ISA_USAGE = YES_ERROR;
				CLANG_WARN_DOCUMENTATION_COMMENTS = YES;
				CLANG_WARN_EMPTY_BODY = YES;
				CLANG_WARN_ENUM_CONVERSION = YES;
				CLANG_WARN_INFINITE_RECURSION = YES;
				CLANG_WARN_INT_CONVERSION = YES;
				CLANG_WARN_NON_LITERAL_NULL_CONVERSION = YES;
				CLANG_WARN_OBJC_LITERAL_CONVERSION = YES;
				CLANG_WARN_OBJC_ROOT_CLASS = YES_ERROR;
				CLANG_WARN_RANGE_LOOP_ANALYSIS = YES;
				CLANG_WARN_STRICT_PROTOTYPES = YES;
				CLANG_WARN_SUSPICIOUS_MOVE = YES;
				CLANG_WARN_UNGUARDED_AVAILABILITY = YES_AGGRESSIVE;
				CLANG_WARN_UNREACHABLE_CODE = YES;
				CLANG_WARN__DUPLICATE_METHOD_MATCH = YES;
				CODE_SIGN_IDENTITY = "-";
				COPY_PHASE_STRIP = NO;
				DEBUG_INFORMATION_FORMAT = dwarf;
				ENABLE_STRICT_OBJC_MSGSEND = YES;
				ENABLE_TESTABILITY = YES;
				GCC_C_LANGUAGE_STANDARD = gnu11;
				GCC_DYNAMIC_NO_PIC = NO;
				GCC_NO_COMMON_BLOCKS = YES;
				GCC_OPTIMIZATION_LEVEL = 0;
				GCC_PREPROCESSOR_DEFINITIONS = (
					"DEBUG=1",
					"$(inherited)",
				);
				GCC_WARN_64_TO_32_BIT_CONVERSION = YES;
				GCC_WARN_ABOUT_RETURN_TYPE = YES_ERROR;
				GCC_WARN_UNDECLARED_SELECTOR = YES;
				GCC_WARN_UNINITIALIZED_AUTOS = YES_AGGRESSIVE;
				GCC_WARN_UNUSED_FUNCTION = YES;
				GCC_WARN_UNUSED_VARIABLE = YES;
				MACOSX_DEPLOYMENT_TARGET = 10.13;
				MTL_ENABLE_DEBUG_INFO = YES;
				ONLY_ACTIVE_ARCH = YES;
				SDKROOT = macosx;
			};
			name = Debug;
		};
		CFC3EA7A214DEBA900B71B9B /* Release */ = {
			isa = XCBuildConfiguration;
			buildSettings = {
				ALWAYS_SEARCH_USER_PATHS = NO;
				CLANG_ANALYZER_NONNULL = YES;
				CLANG_ANALYZER_NUMBER_OBJECT_CONVERSION = YES_AGGRESSIVE;
				CLANG_CXX_LANGUAGE_STANDARD = "gnu++14";
				CLANG_CXX_LIBRARY = "libc++";
				CLANG_ENABLE_MODULES = YES;
				CLANG_ENABLE_OBJC_ARC = YES;
				CLANG_WARN_BLOCK_CAPTURE_AUTORELEASING = YES;
				CLANG_WARN_BOOL_CONVERSION = YES;
				CLANG_WARN_COMMA = YES;
				CLANG_WARN_CONSTANT_CONVERSION = YES;
				CLANG_WARN_DIRECT_OBJC_ISA_USAGE = YES_ERROR;
				CLANG_WARN_DOCUMENTATION_COMMENTS = YES;
				CLANG_WARN_EMPTY_BODY = YES;
				CLANG_WARN_ENUM_CONVERSION = YES;
				CLANG_WARN_INFINITE_RECURSION = YES;
				CLANG_WARN_INT_CONVERSION = YES;
				CLANG_WARN_NON_LITERAL_NULL_CONVERSION = YES;
				CLANG_WARN_OBJC_LITERAL_CONVERSION = YES;
				CLANG_WARN_OBJC_ROOT_CLASS = YES_ERROR;
				CLANG_WARN_RANGE_LOOP_ANALYSIS = YES;
				CLANG_WARN_STRICT_PROTOTYPES = YES;
				CLANG_WARN_SUSPICIOUS_MOVE = YES;
				CLANG_WARN_UNGUARDED_AVAILABILITY = YES_AGGRESSIVE;
				CLANG_WARN_UNREACHABLE_CODE = YES;
				CLANG_WARN__DUPLICATE_METHOD_MATCH = YES;
				CODE_SIGN_IDENTITY = "-";
				COPY_PHASE_STRIP = NO;
				DEBUG_INFORMATION_FORMAT = "dwarf-with-dsym";
				ENABLE_NS_ASSERTIONS = NO;
				ENABLE_STRICT_OBJC_MSGSEND = YES;
				GCC_C_LANGUAGE_STANDARD = gnu11;
				GCC_NO_COMMON_BLOCKS = YES;
				GCC_WARN_64_TO_32_BIT_CONVERSION = YES;
				GCC_WARN_ABOUT_RETURN_TYPE = YES_ERROR;
				GCC_WARN_UNDECLARED_SELECTOR = YES;
				GCC_WARN_UNINITIALIZED_AUTOS = YES_AGGRESSIVE;
				GCC_WARN_UNUSED_FUNCTION = YES;
				GCC_WARN_UNUSED_VARIABLE = YES;
				MACOSX_DEPLOYMENT_TARGET = 10.13;
				MTL_ENABLE_DEBUG_INFO = NO;
				SDKROOT = macosx;
			};
			name = Release;
		};
		CFC3EA7C214DEBA900B71B9B /* Debug */ = {
			isa = XCBuildConfiguration;
			buildSettings = {
				CODE_SIGN_STYLE = Automatic;
				PRODUCT_NAME = "$(TARGET_NAME)";
			};
			name = Debug;
		};
		CFC3EA7D214DEBA900B71B9B /* Release */ = {
			isa = XCBuildConfiguration;
			buildSettings = {
				CODE_SIGN_STYLE = Automatic;
				PRODUCT_NAME = "$(TARGET_NAME)";
			};
			name = Release;
		};
		CFEB6F01221AAB3800872974 /* Debug */ = {
			isa = XCBuildConfiguration;
			buildSettings = {
				CLANG_ENABLE_OBJC_WEAK = YES;
				CLANG_WARN_DEPRECATED_OBJC_IMPLEMENTATIONS = YES;
				CLANG_WARN_OBJC_IMPLICIT_RETAIN_SELF = YES;
				CODE_SIGN_STYLE = Automatic;
				MACOSX_DEPLOYMENT_TARGET = 10.14;
				MTL_ENABLE_DEBUG_INFO = INCLUDE_SOURCE;
				MTL_FAST_MATH = YES;
				PRODUCT_NAME = "$(TARGET_NAME)";
			};
			name = Debug;
		};
		CFEB6F02221AAB3800872974 /* Release */ = {
			isa = XCBuildConfiguration;
			buildSettings = {
				CLANG_ENABLE_OBJC_WEAK = YES;
				CLANG_WARN_DEPRECATED_OBJC_IMPLEMENTATIONS = YES;
				CLANG_WARN_OBJC_IMPLICIT_RETAIN_SELF = YES;
				CODE_SIGN_STYLE = Automatic;
				MACOSX_DEPLOYMENT_TARGET = 10.14;
				MTL_FAST_MATH = YES;
				PRODUCT_NAME = "$(TARGET_NAME)";
			};
			name = Release;
		};
/* End XCBuildConfiguration section */

/* Begin XCConfigurationList section */
		8E316737221FF22D006661BA /* Build configuration list for PBXNativeTarget "自定义算法" */ = {
			isa = XCConfigurationList;
			buildConfigurations = (
				8E316738221FF22D006661BA /* Debug */,
				8E316739221FF22D006661BA /* Release */,
			);
			defaultConfigurationIsVisible = 0;
			defaultConfigurationName = Release;
		};
		CF20ECB222166A3200ED08E2 /* Build configuration list for PBXNativeTarget "虚析构和纯虚析构" */ = {
			isa = XCConfigurationList;
			buildConfigurations = (
				CF20ECB322166A3200ED08E2 /* Debug */,
				CF20ECB422166A3200ED08E2 /* Release */,
			);
			defaultConfigurationIsVisible = 0;
			defaultConfigurationName = Release;
		};
		CF20ECC02216773E00ED08E2 /* Build configuration list for PBXNativeTarget "类型转换" */ = {
			isa = XCConfigurationList;
			buildConfigurations = (
				CF20ECC12216773E00ED08E2 /* Debug */,
				CF20ECC22216773E00ED08E2 /* Release */,
			);
			defaultConfigurationIsVisible = 0;
			defaultConfigurationName = Release;
		};
		CF20ECCE221694B400ED08E2 /* Build configuration list for PBXNativeTarget "多态小游戏案例" */ = {
			isa = XCConfigurationList;
			buildConfigurations = (
				CF20ECCF221694B400ED08E2 /* Debug */,
				CF20ECD0221694B400ED08E2 /* Release */,
			);
			defaultConfigurationIsVisible = 0;
			defaultConfigurationName = Release;
		};
		CF2471FA221B9CE60015D4B0 /* Build configuration list for PBXNativeTarget "STL" */ = {
			isa = XCConfigurationList;
			buildConfigurations = (
				CF2471F8221B9CE60015D4B0 /* Debug */,
				CF2471F9221B9CE60015D4B0 /* Release */,
			);
			defaultConfigurationIsVisible = 0;
			defaultConfigurationName = Release;
		};
		CF60FFA322002920003387F7 /* Build configuration list for PBXNativeTarget "字符串封装" */ = {
			isa = XCConfigurationList;
			buildConfigurations = (
				CF60FFA422002920003387F7 /* Debug */,
				CF60FFA522002920003387F7 /* Release */,
			);
			defaultConfigurationIsVisible = 0;
			defaultConfigurationName = Release;
		};
		CF60FFB222004757003387F7 /* Build configuration list for PBXNativeTarget "继承" */ = {
			isa = XCConfigurationList;
			buildConfigurations = (
				CF60FFB322004757003387F7 /* Debug */,
				CF60FFB422004757003387F7 /* Release */,
			);
			defaultConfigurationIsVisible = 0;
			defaultConfigurationName = Release;
		};
		CF67FBF2221E42F100C6B9EF /* Build configuration list for PBXNativeTarget "谓词和仿函数" */ = {
			isa = XCConfigurationList;
			buildConfigurations = (
				CF67FBF0221E42F100C6B9EF /* Debug */,
				CF67FBF1221E42F100C6B9EF /* Release */,
			);
			defaultConfigurationIsVisible = 0;
			defaultConfigurationName = Release;
		};
		CF67FBFB221E499100C6B9EF /* Build configuration list for PBXNativeTarget "适配器" */ = {
			isa = XCConfigurationList;
			buildConfigurations = (
				CF67FBFC221E499100C6B9EF /* Debug */,
				CF67FBFD221E499100C6B9EF /* Release */,
			);
			defaultConfigurationIsVisible = 0;
			defaultConfigurationName = Release;
		};
		CF67FC06221E506600C6B9EF /* Build configuration list for PBXNativeTarget "算法" */ = {
			isa = XCConfigurationList;
			buildConfigurations = (
				CF67FC07221E506600C6B9EF /* Debug */,
				CF67FC08221E506600C6B9EF /* Release */,
			);
			defaultConfigurationIsVisible = 0;
			defaultConfigurationName = Release;
		};
		CF82926E221E78A1003A64BC /* Build configuration list for PBXNativeTarget "演讲比赛实战" */ = {
			isa = XCConfigurationList;
			buildConfigurations = (
				CF82926C221E78A1003A64BC /* Debug */,
				CF82926D221E78A1003A64BC /* Release */,
			);
			defaultConfigurationIsVisible = 0;
			defaultConfigurationName = Release;
		};
		CF82927B221EA9AA003A64BC /* Build configuration list for PBXNativeTarget "贪吃蛇" */ = {
			isa = XCConfigurationList;
			buildConfigurations = (
				CF82927C221EA9AA003A64BC /* Debug */,
				CF82927D221EA9AA003A64BC /* Release */,
			);
			defaultConfigurationIsVisible = 0;
			defaultConfigurationName = Release;
		};
		CFC231DA220171F700C96D90 /* Build configuration list for PBXNativeTarget "动态联编和静态联编" */ = {
			isa = XCConfigurationList;
			buildConfigurations = (
				CFC231D8220171F700C96D90 /* Debug */,
				CFC231D9220171F700C96D90 /* Release */,
			);
			defaultConfigurationIsVisible = 0;
			defaultConfigurationName = Release;
		};
		CFC29FDA2216BC0C003AA3FA /* Build configuration list for PBXNativeTarget "泛型编程_模板" */ = {
			isa = XCConfigurationList;
			buildConfigurations = (
				CFC29FDB2216BC0C003AA3FA /* Debug */,
				CFC29FDC2216BC0C003AA3FA /* Release */,
			);
			defaultConfigurationIsVisible = 0;
			defaultConfigurationName = Release;
		};
		CFC3EA6F214DEBA800B71B9B /* Build configuration list for PBXProject "学习C++" */ = {
			isa = XCConfigurationList;
			buildConfigurations = (
				CFC3EA79214DEBA900B71B9B /* Debug */,
				CFC3EA7A214DEBA900B71B9B /* Release */,
			);
			defaultConfigurationIsVisible = 0;
			defaultConfigurationName = Release;
		};
		CFC3EA7B214DEBA900B71B9B /* Build configuration list for PBXNativeTarget "学习C++" */ = {
			isa = XCConfigurationList;
			buildConfigurations = (
				CFC3EA7C214DEBA900B71B9B /* Debug */,
				CFC3EA7D214DEBA900B71B9B /* Release */,
			);
			defaultConfigurationIsVisible = 0;
			defaultConfigurationName = Release;
		};
		CFEB6F00221AAB3800872974 /* Build configuration list for PBXNativeTarget "异常基本处理" */ = {
			isa = XCConfigurationList;
			buildConfigurations = (
				CFEB6F01221AAB3800872974 /* Debug */,
				CFEB6F02221AAB3800872974 /* Release */,
			);
			defaultConfigurationIsVisible = 0;
			defaultConfigurationName = Release;
		};
/* End XCConfigurationList section */
	};
	rootObject = CFC3EA6C214DEBA800B71B9B /* Project object */;
}
